PODS:
  - Alamofire (4.3.0)
  - AlamofireObjectMapper (4.0.1):
    - Alamofire (~> 4.1)
    - ObjectMapper (~> 2.0)
  - ObjectMapper (2.2.2)
  - SideMenuController (0.2.4)
  - UIColor_Hex_Swift (3.0.2)

DEPENDENCIES:
  - AlamofireObjectMapper (~> 4.0)
  - ObjectMapper (~> 2.2)
  - SideMenuController
  - UIColor_Hex_Swift (~> 3.0.2)

SPEC CHECKSUMS:
  Alamofire: 856a113053a7bc9cbe5d6367a555d773fc5cfef7
  AlamofireObjectMapper: 842d2eed43a4d0593ff0110d54ac86a170c4519c
  ObjectMapper: 9e385c2295bcc4e16eabbcfc85db801442bba545
  SideMenuController: b463d2b3aa58e2afe57f57a07938fa9a647894ca
  UIColor_Hex_Swift: 95f718452092a3efc8a827dffd2c04d3237be02d

PODFILE CHECKSUM: 8a9a3bda5b7397426656ac7d0eec0b7ca00e82e2

COCOAPODS: 1.2.0
