// !$*UTF8*$!
{
	archiveVersion = 1;
	classes = {
	};
	objectVersion = 46;
	objects = {

/* Begin PBXBuildFile section */
		1535171CDCE91FAE11927401 /* Pods_UProgressUITests.framework in Frameworks */ = {isa = PBXBuildFile; fileRef = 26B2E59EF71986B1EE57862A /* Pods_UProgressUITests.framework */; };
		198C1F504EA67A89BB92B6FB /* Pods_UProgressTests.framework in Frameworks */ = {isa = PBXBuildFile; fileRef = AF0278647014FB9AFDB08AEC /* Pods_UProgressTests.framework */; };
		5E2ECF37024A74B8E3E15D25 /* Pods_UProgress_UProgressUITests.framework in Frameworks */ = {isa = PBXBuildFile; fileRef = 726D3C86FF753C8EEDC99541 /* Pods_UProgress_UProgressUITests.framework */; };
		64109F961E4CC473003C0914 /* DirectionDetailView.swift in Sources */ = {isa = PBXBuildFile; fileRef = 64109F951E4CC473003C0914 /* DirectionDetailView.swift */; };
		64109F981E4CD31D003C0914 /* StepFormViewController.swift in Sources */ = {isa = PBXBuildFile; fileRef = 64109F971E4CD31D003C0914 /* StepFormViewController.swift */; };
		641B309D1E4B679F00FF60CC /* DirectionsDetailViewProtocol.swift in Sources */ = {isa = PBXBuildFile; fileRef = 646E8EAD1E48BC12003B8DFB /* DirectionsDetailViewProtocol.swift */; };
		641B309E1E4B679F00FF60CC /* DirectionsDetailViewProtocol.swift in Sources */ = {isa = PBXBuildFile; fileRef = 646E8EAD1E48BC12003B8DFB /* DirectionsDetailViewProtocol.swift */; };
		641B309F1E4B67A200FF60CC /* DirectionsDetailPresenter.swift in Sources */ = {isa = PBXBuildFile; fileRef = 646E8EAB1E48BBC8003B8DFB /* DirectionsDetailPresenter.swift */; };
		641B30A01E4B67A300FF60CC /* DirectionsDetailPresenter.swift in Sources */ = {isa = PBXBuildFile; fileRef = 646E8EAB1E48BBC8003B8DFB /* DirectionsDetailPresenter.swift */; };
		641B30A11E4B67A600FF60CC /* DirectionsDetailPresenterProtocol.swift in Sources */ = {isa = PBXBuildFile; fileRef = 646E8EAF1E48BCC3003B8DFB /* DirectionsDetailPresenterProtocol.swift */; };
		641B30A21E4B67A600FF60CC /* DirectionsDetailPresenterProtocol.swift in Sources */ = {isa = PBXBuildFile; fileRef = 646E8EAF1E48BCC3003B8DFB /* DirectionsDetailPresenterProtocol.swift */; };
		641B30A31E4B67AB00FF60CC /* Step.swift in Sources */ = {isa = PBXBuildFile; fileRef = 646E8EB21E48BF87003B8DFB /* Step.swift */; };
		641B30A41E4B67AC00FF60CC /* Step.swift in Sources */ = {isa = PBXBuildFile; fileRef = 646E8EB21E48BF87003B8DFB /* Step.swift */; };
		641B30A61E4BCC3100FF60CC /* DirectionDetailInfoView.swift in Sources */ = {isa = PBXBuildFile; fileRef = 641B30A51E4BCC3100FF60CC /* DirectionDetailInfoView.swift */; };
		641B30A81E4BCC4000FF60CC /* DirectionDetailInfoView.xib in Resources */ = {isa = PBXBuildFile; fileRef = 641B30A71E4BCC4000FF60CC /* DirectionDetailInfoView.xib */; };
		641B30A91E4BCC5A00FF60CC /* DirectionDetailInfoView.swift in Sources */ = {isa = PBXBuildFile; fileRef = 641B30A51E4BCC3100FF60CC /* DirectionDetailInfoView.swift */; };
		641B30AA1E4BCC5A00FF60CC /* DirectionDetailInfoView.swift in Sources */ = {isa = PBXBuildFile; fileRef = 641B30A51E4BCC3100FF60CC /* DirectionDetailInfoView.swift */; };
		641B30AB1E4BCC8600FF60CC /* DirectionDetailInfoView.xib in Resources */ = {isa = PBXBuildFile; fileRef = 641B30A71E4BCC4000FF60CC /* DirectionDetailInfoView.xib */; };
		641B30AC1E4BCC8700FF60CC /* DirectionDetailInfoView.xib in Resources */ = {isa = PBXBuildFile; fileRef = 641B30A71E4BCC4000FF60CC /* DirectionDetailInfoView.xib */; };
		641F25C91E422621008BD119 /* Image.swift in Sources */ = {isa = PBXBuildFile; fileRef = 641F25C81E422621008BD119 /* Image.swift */; };
		641F25CB1E422BE6008BD119 /* AuthorizationManager.swift in Sources */ = {isa = PBXBuildFile; fileRef = 641F25CA1E422BE6008BD119 /* AuthorizationManager.swift */; };
		641F25CD1E422BF2008BD119 /* User.swift in Sources */ = {isa = PBXBuildFile; fileRef = 641F25CC1E422BF2008BD119 /* User.swift */; };
		641F25CF1E422CC3008BD119 /* AuthorizationManagerProtocol.swift in Sources */ = {isa = PBXBuildFile; fileRef = 641F25CE1E422CC3008BD119 /* AuthorizationManagerProtocol.swift */; };
		641F25D11E422FC3008BD119 /* AuthorizationViewProtocol.swift in Sources */ = {isa = PBXBuildFile; fileRef = 641F25D01E422FC3008BD119 /* AuthorizationViewProtocol.swift */; };
		641F25D31E42307B008BD119 /* AuthorizationPresenter.swift in Sources */ = {isa = PBXBuildFile; fileRef = 641F25D21E42307B008BD119 /* AuthorizationPresenter.swift */; };
		641F25D51E42309D008BD119 /* AuthorizationPresenterProtocol.swift in Sources */ = {isa = PBXBuildFile; fileRef = 641F25D41E42309D008BD119 /* AuthorizationPresenterProtocol.swift */; };
		641F25D71E4232BE008BD119 /* SignInProtocol.swift in Sources */ = {isa = PBXBuildFile; fileRef = 641F25D61E4232BE008BD119 /* SignInProtocol.swift */; };
		6426C7741E4DFE3100F37701 /* DirectionsPopupProtocol.swift in Sources */ = {isa = PBXBuildFile; fileRef = 6426C7731E4DFE3100F37701 /* DirectionsPopupProtocol.swift */; };
		6426C7781E4DFED900F37701 /* DirectionViewActionsProtocol.swift in Sources */ = {isa = PBXBuildFile; fileRef = 6426C7771E4DFED900F37701 /* DirectionViewActionsProtocol.swift */; };
		643C20301E47D6D90066D9BC /* DirectionsStoryboard.storyboard in Resources */ = {isa = PBXBuildFile; fileRef = 643C202F1E47D6D90066D9BC /* DirectionsStoryboard.storyboard */; };
		64432CC61E43DBB1003C3011 /* Localizable.strings in Resources */ = {isa = PBXBuildFile; fileRef = 64432CC81E43DBB1003C3011 /* Localizable.strings */; };
		6443CBED1E42BFE3008F15E5 /* ServerError.swift in Sources */ = {isa = PBXBuildFile; fileRef = 6443CBEC1E42BFE3008F15E5 /* ServerError.swift */; };
		6443CBEF1E42C0DA008F15E5 /* ErrorsHandling.swift in Sources */ = {isa = PBXBuildFile; fileRef = 6443CBEE1E42C0DA008F15E5 /* ErrorsHandling.swift */; };
		6443CBF11E433E9E008F15E5 /* Constants.swift in Sources */ = {isa = PBXBuildFile; fileRef = 6443CBF01E433E9E008F15E5 /* Constants.swift */; };
		6443CBF31E4349B5008F15E5 /* AuthorizationService.swift in Sources */ = {isa = PBXBuildFile; fileRef = 6443CBF21E4349B5008F15E5 /* AuthorizationService.swift */; };
		645F5A0E1E3E95D0005CCBD6 /* Alamofire.framework in Frameworks */ = {isa = PBXBuildFile; fileRef = 645F5A0D1E3E95D0005CCBD6 /* Alamofire.framework */; };
		6464C5A71E44CBAA00C79975 /* Button.swift in Sources */ = {isa = PBXBuildFile; fileRef = 6464C5A61E44CBAA00C79975 /* Button.swift */; };
		646861881E467CF700583945 /* LaunchViewController.swift in Sources */ = {isa = PBXBuildFile; fileRef = 646861871E467CF700583945 /* LaunchViewController.swift */; };
		6468618A1E46826700583945 /* LaunchPresenter.swift in Sources */ = {isa = PBXBuildFile; fileRef = 646861891E46826700583945 /* LaunchPresenter.swift */; };
		6468618C1E46827900583945 /* LaunchPresenterProtocol.swift in Sources */ = {isa = PBXBuildFile; fileRef = 6468618B1E46827900583945 /* LaunchPresenterProtocol.swift */; };
		6468618E1E46828D00583945 /* LaunchViewProtocol.swift in Sources */ = {isa = PBXBuildFile; fileRef = 6468618D1E46828D00583945 /* LaunchViewProtocol.swift */; };
		646861921E46A48B00583945 /* LaunchStoryboard.storyboard in Resources */ = {isa = PBXBuildFile; fileRef = 646861911E46A48B00583945 /* LaunchStoryboard.storyboard */; };
		646861941E46AC9800583945 /* BaseSplitViewController.swift in Sources */ = {isa = PBXBuildFile; fileRef = 646861931E46AC9800583945 /* BaseSplitViewController.swift */; };
		646861951E47370200583945 /* CommonFunctions.swift in Sources */ = {isa = PBXBuildFile; fileRef = 6483E4CA1E3FE0490072B97C /* CommonFunctions.swift */; };
		646861961E47370300583945 /* CommonFunctions.swift in Sources */ = {isa = PBXBuildFile; fileRef = 6483E4CA1E3FE0490072B97C /* CommonFunctions.swift */; };
		646E8E9F1E48B028003B8DFB /* ProfileStoryboard.storyboard in Resources */ = {isa = PBXBuildFile; fileRef = 646E8E9E1E48B028003B8DFB /* ProfileStoryboard.storyboard */; };
		646E8EA11E48B03B003B8DFB /* ProfileViewController.swift in Sources */ = {isa = PBXBuildFile; fileRef = 646E8EA01E48B03B003B8DFB /* ProfileViewController.swift */; };
		646E8EA41E48B23E003B8DFB /* DirectionsDetailViewController.swift in Sources */ = {isa = PBXBuildFile; fileRef = 646E8EA31E48B23E003B8DFB /* DirectionsDetailViewController.swift */; };
		646E8EA51E48B41E003B8DFB /* DirectionsDetailViewController.swift in Sources */ = {isa = PBXBuildFile; fileRef = 646E8EA31E48B23E003B8DFB /* DirectionsDetailViewController.swift */; };
		646E8EA61E48B41F003B8DFB /* DirectionsDetailViewController.swift in Sources */ = {isa = PBXBuildFile; fileRef = 646E8EA31E48B23E003B8DFB /* DirectionsDetailViewController.swift */; };
		646E8EA71E48B4A9003B8DFB /* DirectionsListCell.swift in Sources */ = {isa = PBXBuildFile; fileRef = 6483E4CE1E40911E0072B97C /* DirectionsListCell.swift */; };
		646E8EA81E48B4AA003B8DFB /* DirectionsListCell.swift in Sources */ = {isa = PBXBuildFile; fileRef = 6483E4CE1E40911E0072B97C /* DirectionsListCell.swift */; };
		646E8EAC1E48BBC8003B8DFB /* DirectionsDetailPresenter.swift in Sources */ = {isa = PBXBuildFile; fileRef = 646E8EAB1E48BBC8003B8DFB /* DirectionsDetailPresenter.swift */; };
		646E8EAE1E48BC12003B8DFB /* DirectionsDetailViewProtocol.swift in Sources */ = {isa = PBXBuildFile; fileRef = 646E8EAD1E48BC12003B8DFB /* DirectionsDetailViewProtocol.swift */; };
		646E8EB01E48BCC3003B8DFB /* DirectionsDetailPresenterProtocol.swift in Sources */ = {isa = PBXBuildFile; fileRef = 646E8EAF1E48BCC3003B8DFB /* DirectionsDetailPresenterProtocol.swift */; };
		646E8EB31E48BF87003B8DFB /* Step.swift in Sources */ = {isa = PBXBuildFile; fileRef = 646E8EB21E48BF87003B8DFB /* Step.swift */; };
		6474B1A71E3D04C200C46165 /* AppDelegate.swift in Sources */ = {isa = PBXBuildFile; fileRef = 6474B1A61E3D04C200C46165 /* AppDelegate.swift */; };
		6474B1A91E3D04C200C46165 /* DirectionsListViewController.swift in Sources */ = {isa = PBXBuildFile; fileRef = 6474B1A81E3D04C200C46165 /* DirectionsListViewController.swift */; };
		6474B1AC1E3D04C200C46165 /* iPhone.storyboard in Resources */ = {isa = PBXBuildFile; fileRef = 6474B1AA1E3D04C200C46165 /* iPhone.storyboard */; };
		6474B1AE1E3D04C200C46165 /* Assets.xcassets in Resources */ = {isa = PBXBuildFile; fileRef = 6474B1AD1E3D04C200C46165 /* Assets.xcassets */; };
		6474B1B11E3D04C200C46165 /* LaunchScreen.storyboard in Resources */ = {isa = PBXBuildFile; fileRef = 6474B1AF1E3D04C200C46165 /* LaunchScreen.storyboard */; };
		6474B1BC1E3D04C200C46165 /* DirectionsListPresenterTest.swift in Sources */ = {isa = PBXBuildFile; fileRef = 6474B1BB1E3D04C200C46165 /* DirectionsListPresenterTest.swift */; };
		6474B1C71E3D04C200C46165 /* UProgressUITests.swift in Sources */ = {isa = PBXBuildFile; fileRef = 6474B1C61E3D04C200C46165 /* UProgressUITests.swift */; };
		6474B1D51E3D091800C46165 /* .travis.yml in Resources */ = {isa = PBXBuildFile; fileRef = 6474B1D41E3D091800C46165 /* .travis.yml */; };
		647B34A41E4F8823006639DD /* DirectionDetailManager.swift in Sources */ = {isa = PBXBuildFile; fileRef = 647B34A31E4F8823006639DD /* DirectionDetailManager.swift */; };
		647B34A61E4F8839006639DD /* DirectionDetailManagerProtocol.swift in Sources */ = {isa = PBXBuildFile; fileRef = 647B34A51E4F8839006639DD /* DirectionDetailManagerProtocol.swift */; };
		6483E4C31E3FA5170072B97C /* iPad.storyboard in Resources */ = {isa = PBXBuildFile; fileRef = 6483E4C21E3FA5170072B97C /* iPad.storyboard */; };
		6483E4C51E3FA9790072B97C /* NavigationView.swift in Sources */ = {isa = PBXBuildFile; fileRef = 6483E4C41E3FA9790072B97C /* NavigationView.swift */; };
		6483E4C71E3FA9E50072B97C /* NavigationViewProtocol.swift in Sources */ = {isa = PBXBuildFile; fileRef = 6483E4C61E3FA9E50072B97C /* NavigationViewProtocol.swift */; };
		6483E4C91E3FAAF90072B97C /* SidebarViewController.swift in Sources */ = {isa = PBXBuildFile; fileRef = 6483E4C81E3FAAF90072B97C /* SidebarViewController.swift */; };
		6483E4CB1E3FE0490072B97C /* CommonFunctions.swift in Sources */ = {isa = PBXBuildFile; fileRef = 6483E4CA1E3FE0490072B97C /* CommonFunctions.swift */; };
		6483E4CF1E40911E0072B97C /* DirectionsListCell.swift in Sources */ = {isa = PBXBuildFile; fileRef = 6483E4CE1E40911E0072B97C /* DirectionsListCell.swift */; };
		6483E4D11E4091290072B97C /* DirectionsListCell.xib in Resources */ = {isa = PBXBuildFile; fileRef = 6483E4D01E4091290072B97C /* DirectionsListCell.xib */; };
		6483E4D31E4093F60072B97C /* Date.swift in Sources */ = {isa = PBXBuildFile; fileRef = 6483E4D21E4093F60072B97C /* Date.swift */; };
		6483E4D51E409A1D0072B97C /* String.swift in Sources */ = {isa = PBXBuildFile; fileRef = 6483E4D41E409A1D0072B97C /* String.swift */; };
		6483E4D91E40FED00072B97C /* AuthorizationsViewController.swift in Sources */ = {isa = PBXBuildFile; fileRef = 6483E4D81E40FED00072B97C /* AuthorizationsViewController.swift */; };
		64D1BD1C1E475DA6001DDDC5 /* ProfileViewCell.swift in Sources */ = {isa = PBXBuildFile; fileRef = 64D1BD1B1E475DA6001DDDC5 /* ProfileViewCell.swift */; };
		64D1BD1E1E475DB2001DDDC5 /* ProfileViewCell.xib in Resources */ = {isa = PBXBuildFile; fileRef = 64D1BD1D1E475DB2001DDDC5 /* ProfileViewCell.xib */; };
		64D9309C1E3E2CEE007C7112 /* DirectionManager.swift in Sources */ = {isa = PBXBuildFile; fileRef = 64D9309B1E3E2CEE007C7112 /* DirectionManager.swift */; };
		64D9309F1E3E3C68007C7112 /* ApiRequest.swift in Sources */ = {isa = PBXBuildFile; fileRef = 64D9309E1E3E3C68007C7112 /* ApiRequest.swift */; };
		64D930A61E3E40A7007C7112 /* DirectionModelProtocol.swift in Sources */ = {isa = PBXBuildFile; fileRef = 64D930A51E3E40A7007C7112 /* DirectionModelProtocol.swift */; };
		64D930AA1E3E452E007C7112 /* DirectionViewProtocol.swift in Sources */ = {isa = PBXBuildFile; fileRef = 64D930A91E3E452E007C7112 /* DirectionViewProtocol.swift */; };
		64D930AC1E3E45EE007C7112 /* DirectionsListPresenter.swift in Sources */ = {isa = PBXBuildFile; fileRef = 64D930AB1E3E45EE007C7112 /* DirectionsListPresenter.swift */; };
		64D930AE1E3E4632007C7112 /* DirectionListPresenterImpl.swift in Sources */ = {isa = PBXBuildFile; fileRef = 64D930AD1E3E4632007C7112 /* DirectionListPresenterImpl.swift */; };
		64D930B01E3E4DA1007C7112 /* DirectionsListView.swift in Sources */ = {isa = PBXBuildFile; fileRef = 64D930AF1E3E4DA1007C7112 /* DirectionsListView.swift */; };
		64D930B21E3E4EF2007C7112 /* DirectionsListViewProtocol.swift in Sources */ = {isa = PBXBuildFile; fileRef = 64D930B11E3E4EF2007C7112 /* DirectionsListViewProtocol.swift */; };
		64D930B31E3E72AA007C7112 /* DirectionManager.swift in Sources */ = {isa = PBXBuildFile; fileRef = 64D9309B1E3E2CEE007C7112 /* DirectionManager.swift */; };
		64D930B41E3E72AA007C7112 /* DirectionManager.swift in Sources */ = {isa = PBXBuildFile; fileRef = 64D9309B1E3E2CEE007C7112 /* DirectionManager.swift */; };
		64D930B51E3E72AE007C7112 /* DirectionModelProtocol.swift in Sources */ = {isa = PBXBuildFile; fileRef = 64D930A51E3E40A7007C7112 /* DirectionModelProtocol.swift */; };
		64D930B61E3E72AE007C7112 /* DirectionModelProtocol.swift in Sources */ = {isa = PBXBuildFile; fileRef = 64D930A51E3E40A7007C7112 /* DirectionModelProtocol.swift */; };
		64D930B91E3E72B4007C7112 /* Direction.swift in Sources */ = {isa = PBXBuildFile; fileRef = 64E015171E3E023E0055DFD5 /* Direction.swift */; };
		64D930BA1E3E72B5007C7112 /* Direction.swift in Sources */ = {isa = PBXBuildFile; fileRef = 64E015171E3E023E0055DFD5 /* Direction.swift */; };
		64D930BB1E3E72EB007C7112 /* ApiRequest.swift in Sources */ = {isa = PBXBuildFile; fileRef = 64D9309E1E3E3C68007C7112 /* ApiRequest.swift */; };
		64D930BC1E3E72EB007C7112 /* ApiRequest.swift in Sources */ = {isa = PBXBuildFile; fileRef = 64D9309E1E3E3C68007C7112 /* ApiRequest.swift */; };
		64D930BD1E3E72F0007C7112 /* DirectionsListViewController.swift in Sources */ = {isa = PBXBuildFile; fileRef = 6474B1A81E3D04C200C46165 /* DirectionsListViewController.swift */; };
		64D930BE1E3E72F1007C7112 /* DirectionsListViewController.swift in Sources */ = {isa = PBXBuildFile; fileRef = 6474B1A81E3D04C200C46165 /* DirectionsListViewController.swift */; };
		64D930BF1E3E72F4007C7112 /* DirectionViewProtocol.swift in Sources */ = {isa = PBXBuildFile; fileRef = 64D930A91E3E452E007C7112 /* DirectionViewProtocol.swift */; };
		64D930C01E3E72F4007C7112 /* DirectionViewProtocol.swift in Sources */ = {isa = PBXBuildFile; fileRef = 64D930A91E3E452E007C7112 /* DirectionViewProtocol.swift */; };
		64D930C11E3E72F8007C7112 /* DirectionsListView.swift in Sources */ = {isa = PBXBuildFile; fileRef = 64D930AF1E3E4DA1007C7112 /* DirectionsListView.swift */; };
		64D930C21E3E72F8007C7112 /* DirectionsListView.swift in Sources */ = {isa = PBXBuildFile; fileRef = 64D930AF1E3E4DA1007C7112 /* DirectionsListView.swift */; };
		64D930C31E3E72FB007C7112 /* DirectionsListViewProtocol.swift in Sources */ = {isa = PBXBuildFile; fileRef = 64D930B11E3E4EF2007C7112 /* DirectionsListViewProtocol.swift */; };
		64D930C41E3E72FB007C7112 /* DirectionsListViewProtocol.swift in Sources */ = {isa = PBXBuildFile; fileRef = 64D930B11E3E4EF2007C7112 /* DirectionsListViewProtocol.swift */; };
		64D930C51E3E730E007C7112 /* DirectionsListPresenter.swift in Sources */ = {isa = PBXBuildFile; fileRef = 64D930AB1E3E45EE007C7112 /* DirectionsListPresenter.swift */; };
		64D930C61E3E730E007C7112 /* DirectionsListPresenter.swift in Sources */ = {isa = PBXBuildFile; fileRef = 64D930AB1E3E45EE007C7112 /* DirectionsListPresenter.swift */; };
		64D930C71E3E7311007C7112 /* DirectionListPresenterImpl.swift in Sources */ = {isa = PBXBuildFile; fileRef = 64D930AD1E3E4632007C7112 /* DirectionListPresenterImpl.swift */; };
		64D930C81E3E7312007C7112 /* DirectionListPresenterImpl.swift in Sources */ = {isa = PBXBuildFile; fileRef = 64D930AD1E3E4632007C7112 /* DirectionListPresenterImpl.swift */; };
		64E015181E3E023E0055DFD5 /* Direction.swift in Sources */ = {isa = PBXBuildFile; fileRef = 64E015171E3E023E0055DFD5 /* Direction.swift */; };
		64EA8BEF1E3EB2CA0088009E /* NavigationViewController.swift in Sources */ = {isa = PBXBuildFile; fileRef = 64EA8BEE1E3EB2CA0088009E /* NavigationViewController.swift */; };
		64EA8BF41E3EB9AE0088009E /* BaseViewController.swift in Sources */ = {isa = PBXBuildFile; fileRef = 64EA8BF31E3EB9AE0088009E /* BaseViewController.swift */; };
		64EA8BF81E3F24700088009E /* BaseViewController.swift in Sources */ = {isa = PBXBuildFile; fileRef = 64EA8BF31E3EB9AE0088009E /* BaseViewController.swift */; };
		64EA8BF91E3F24710088009E /* BaseViewController.swift in Sources */ = {isa = PBXBuildFile; fileRef = 64EA8BF31E3EB9AE0088009E /* BaseViewController.swift */; };
		64F80D3B1E41FCA500E90004 /* AuthorizationFragmentController.swift in Sources */ = {isa = PBXBuildFile; fileRef = 64F80D3A1E41FCA500E90004 /* AuthorizationFragmentController.swift */; };
		64F80D3D1E41FCB000E90004 /* RegistrationFragmentController.swift in Sources */ = {isa = PBXBuildFile; fileRef = 64F80D3C1E41FCB000E90004 /* RegistrationFragmentController.swift */; };
		64F80D431E42058500E90004 /* AuthorizationStoryboard.storyboard in Resources */ = {isa = PBXBuildFile; fileRef = 64F80D421E42058500E90004 /* AuthorizationStoryboard.storyboard */; };
		8355BE18053B154ED4CA22C8 /* Pods_UProgress.framework in Frameworks */ = {isa = PBXBuildFile; fileRef = DBD8BB09CFC827EB003C41A2 /* Pods_UProgress.framework */; };
		9DFB990BFC345690E0598208 /* Pods_UProgress_UProgressTests.framework in Frameworks */ = {isa = PBXBuildFile; fileRef = F396F0220AA154D509C1E95B /* Pods_UProgress_UProgressTests.framework */; };
/* End PBXBuildFile section */

/* Begin PBXContainerItemProxy section */
		6474B1B81E3D04C200C46165 /* PBXContainerItemProxy */ = {
			isa = PBXContainerItemProxy;
			containerPortal = 6474B19B1E3D04C200C46165 /* Project object */;
			proxyType = 1;
			remoteGlobalIDString = 6474B1A21E3D04C200C46165;
			remoteInfo = UProgress;
		};
		6474B1C31E3D04C200C46165 /* PBXContainerItemProxy */ = {
			isa = PBXContainerItemProxy;
			containerPortal = 6474B19B1E3D04C200C46165 /* Project object */;
			proxyType = 1;
			remoteGlobalIDString = 6474B1A21E3D04C200C46165;
			remoteInfo = UProgress;
		};
/* End PBXContainerItemProxy section */

/* Begin PBXFileReference section */
		26B2E59EF71986B1EE57862A /* Pods_UProgressUITests.framework */ = {isa = PBXFileReference; explicitFileType = wrapper.framework; includeInIndex = 0; path = Pods_UProgressUITests.framework; sourceTree = BUILT_PRODUCTS_DIR; };
		3DAF568722EA6F1921D97601 /* Pods-UProgress-UProgressUITests.debug.xcconfig */ = {isa = PBXFileReference; includeInIndex = 1; lastKnownFileType = text.xcconfig; name = "Pods-UProgress-UProgressUITests.debug.xcconfig"; path = "Pods/Target Support Files/Pods-UProgress-UProgressUITests/Pods-UProgress-UProgressUITests.debug.xcconfig"; sourceTree = "<group>"; };
		3EEFA24D7EA84D774EDB8B59 /* Pods-UProgress.release.xcconfig */ = {isa = PBXFileReference; includeInIndex = 1; lastKnownFileType = text.xcconfig; name = "Pods-UProgress.release.xcconfig"; path = "Pods/Target Support Files/Pods-UProgress/Pods-UProgress.release.xcconfig"; sourceTree = "<group>"; };
		64109F951E4CC473003C0914 /* DirectionDetailView.swift */ = {isa = PBXFileReference; fileEncoding = 4; lastKnownFileType = sourcecode.swift; path = DirectionDetailView.swift; sourceTree = "<group>"; };
		64109F971E4CD31D003C0914 /* StepFormViewController.swift */ = {isa = PBXFileReference; fileEncoding = 4; lastKnownFileType = sourcecode.swift; path = StepFormViewController.swift; sourceTree = "<group>"; };
		641B30A51E4BCC3100FF60CC /* DirectionDetailInfoView.swift */ = {isa = PBXFileReference; fileEncoding = 4; lastKnownFileType = sourcecode.swift; path = DirectionDetailInfoView.swift; sourceTree = "<group>"; };
		641B30A71E4BCC4000FF60CC /* DirectionDetailInfoView.xib */ = {isa = PBXFileReference; fileEncoding = 4; lastKnownFileType = file.xib; path = DirectionDetailInfoView.xib; sourceTree = "<group>"; };
		641F25C81E422621008BD119 /* Image.swift */ = {isa = PBXFileReference; fileEncoding = 4; lastKnownFileType = sourcecode.swift; path = Image.swift; sourceTree = "<group>"; };
		641F25CA1E422BE6008BD119 /* AuthorizationManager.swift */ = {isa = PBXFileReference; fileEncoding = 4; lastKnownFileType = sourcecode.swift; path = AuthorizationManager.swift; sourceTree = "<group>"; };
		641F25CC1E422BF2008BD119 /* User.swift */ = {isa = PBXFileReference; fileEncoding = 4; lastKnownFileType = sourcecode.swift; path = User.swift; sourceTree = "<group>"; };
		641F25CE1E422CC3008BD119 /* AuthorizationManagerProtocol.swift */ = {isa = PBXFileReference; fileEncoding = 4; lastKnownFileType = sourcecode.swift; path = AuthorizationManagerProtocol.swift; sourceTree = "<group>"; };
		641F25D01E422FC3008BD119 /* AuthorizationViewProtocol.swift */ = {isa = PBXFileReference; fileEncoding = 4; lastKnownFileType = sourcecode.swift; path = AuthorizationViewProtocol.swift; sourceTree = "<group>"; };
		641F25D21E42307B008BD119 /* AuthorizationPresenter.swift */ = {isa = PBXFileReference; fileEncoding = 4; lastKnownFileType = sourcecode.swift; path = AuthorizationPresenter.swift; sourceTree = "<group>"; };
		641F25D41E42309D008BD119 /* AuthorizationPresenterProtocol.swift */ = {isa = PBXFileReference; fileEncoding = 4; lastKnownFileType = sourcecode.swift; path = AuthorizationPresenterProtocol.swift; sourceTree = "<group>"; };
		641F25D61E4232BE008BD119 /* SignInProtocol.swift */ = {isa = PBXFileReference; fileEncoding = 4; lastKnownFileType = sourcecode.swift; path = SignInProtocol.swift; sourceTree = "<group>"; };
		6426C7731E4DFE3100F37701 /* DirectionsPopupProtocol.swift */ = {isa = PBXFileReference; fileEncoding = 4; lastKnownFileType = sourcecode.swift; path = DirectionsPopupProtocol.swift; sourceTree = "<group>"; };
		6426C7771E4DFED900F37701 /* DirectionViewActionsProtocol.swift */ = {isa = PBXFileReference; fileEncoding = 4; lastKnownFileType = sourcecode.swift; path = DirectionViewActionsProtocol.swift; sourceTree = "<group>"; };
		643C202F1E47D6D90066D9BC /* DirectionsStoryboard.storyboard */ = {isa = PBXFileReference; fileEncoding = 4; lastKnownFileType = file.storyboard; path = DirectionsStoryboard.storyboard; sourceTree = "<group>"; };
		64432CC71E43DBB1003C3011 /* en */ = {isa = PBXFileReference; lastKnownFileType = text.plist.strings; name = en; path = en.lproj/Localizable.strings; sourceTree = "<group>"; };
		64432CC91E43DBC2003C3011 /* ru */ = {isa = PBXFileReference; lastKnownFileType = text.plist.strings; name = ru; path = ru.lproj/Localizable.strings; sourceTree = "<group>"; };
		6443CBEC1E42BFE3008F15E5 /* ServerError.swift */ = {isa = PBXFileReference; fileEncoding = 4; lastKnownFileType = sourcecode.swift; path = ServerError.swift; sourceTree = "<group>"; };
		6443CBEE1E42C0DA008F15E5 /* ErrorsHandling.swift */ = {isa = PBXFileReference; fileEncoding = 4; lastKnownFileType = sourcecode.swift; path = ErrorsHandling.swift; sourceTree = "<group>"; };
		6443CBF01E433E9E008F15E5 /* Constants.swift */ = {isa = PBXFileReference; fileEncoding = 4; lastKnownFileType = sourcecode.swift; path = Constants.swift; sourceTree = "<group>"; };
		6443CBF21E4349B5008F15E5 /* AuthorizationService.swift */ = {isa = PBXFileReference; fileEncoding = 4; lastKnownFileType = sourcecode.swift; path = AuthorizationService.swift; sourceTree = "<group>"; };
		645F5A0D1E3E95D0005CCBD6 /* Alamofire.framework */ = {isa = PBXFileReference; lastKnownFileType = wrapper.framework; name = Alamofire.framework; path = "../../Library/Developer/Xcode/DerivedData/UProgress-aykykkssnptaplcikgscotabfqrx/Build/Products/Debug-iphonesimulator/Alamofire/Alamofire.framework"; sourceTree = "<group>"; };
		645F5A0F1E3E95D4005CCBD6 /* AlamofireObjectMapper.framework */ = {isa = PBXFileReference; lastKnownFileType = wrapper.framework; name = AlamofireObjectMapper.framework; path = "../../Library/Developer/Xcode/DerivedData/UProgress-aykykkssnptaplcikgscotabfqrx/Build/Products/Debug-iphonesimulator/AlamofireObjectMapper/AlamofireObjectMapper.framework"; sourceTree = "<group>"; };
		645F5A111E3E95DB005CCBD6 /* OHHTTPStubs.framework */ = {isa = PBXFileReference; lastKnownFileType = wrapper.framework; name = OHHTTPStubs.framework; path = "../../Library/Developer/Xcode/DerivedData/UProgress-aykykkssnptaplcikgscotabfqrx/Build/Products/Debug-iphonesimulator/OHHTTPStubs/OHHTTPStubs.framework"; sourceTree = "<group>"; };
		645F5A131E3E9F78005CCBD6 /* OHHTTPStubs.framework */ = {isa = PBXFileReference; lastKnownFileType = wrapper.framework; name = OHHTTPStubs.framework; path = "Pods/../build/Debug-iphoneos/OHHTTPStubs/OHHTTPStubs.framework"; sourceTree = "<group>"; };
		6464C5A61E44CBAA00C79975 /* Button.swift */ = {isa = PBXFileReference; fileEncoding = 4; lastKnownFileType = sourcecode.swift; path = Button.swift; sourceTree = "<group>"; };
		646861871E467CF700583945 /* LaunchViewController.swift */ = {isa = PBXFileReference; fileEncoding = 4; lastKnownFileType = sourcecode.swift; path = LaunchViewController.swift; sourceTree = "<group>"; };
		646861891E46826700583945 /* LaunchPresenter.swift */ = {isa = PBXFileReference; fileEncoding = 4; lastKnownFileType = sourcecode.swift; path = LaunchPresenter.swift; sourceTree = "<group>"; };
		6468618B1E46827900583945 /* LaunchPresenterProtocol.swift */ = {isa = PBXFileReference; fileEncoding = 4; lastKnownFileType = sourcecode.swift; path = LaunchPresenterProtocol.swift; sourceTree = "<group>"; };
		6468618D1E46828D00583945 /* LaunchViewProtocol.swift */ = {isa = PBXFileReference; fileEncoding = 4; lastKnownFileType = sourcecode.swift; path = LaunchViewProtocol.swift; sourceTree = "<group>"; };
		646861911E46A48B00583945 /* LaunchStoryboard.storyboard */ = {isa = PBXFileReference; fileEncoding = 4; lastKnownFileType = file.storyboard; path = LaunchStoryboard.storyboard; sourceTree = "<group>"; };
		646861931E46AC9800583945 /* BaseSplitViewController.swift */ = {isa = PBXFileReference; fileEncoding = 4; lastKnownFileType = sourcecode.swift; path = BaseSplitViewController.swift; sourceTree = "<group>"; };
		646E8E9E1E48B028003B8DFB /* ProfileStoryboard.storyboard */ = {isa = PBXFileReference; fileEncoding = 4; lastKnownFileType = file.storyboard; path = ProfileStoryboard.storyboard; sourceTree = "<group>"; };
		646E8EA01E48B03B003B8DFB /* ProfileViewController.swift */ = {isa = PBXFileReference; fileEncoding = 4; lastKnownFileType = sourcecode.swift; path = ProfileViewController.swift; sourceTree = "<group>"; };
		646E8EA31E48B23E003B8DFB /* DirectionsDetailViewController.swift */ = {isa = PBXFileReference; fileEncoding = 4; lastKnownFileType = sourcecode.swift; path = DirectionsDetailViewController.swift; sourceTree = "<group>"; };
		646E8EAB1E48BBC8003B8DFB /* DirectionsDetailPresenter.swift */ = {isa = PBXFileReference; fileEncoding = 4; lastKnownFileType = sourcecode.swift; path = DirectionsDetailPresenter.swift; sourceTree = "<group>"; };
		646E8EAD1E48BC12003B8DFB /* DirectionsDetailViewProtocol.swift */ = {isa = PBXFileReference; fileEncoding = 4; lastKnownFileType = sourcecode.swift; path = DirectionsDetailViewProtocol.swift; sourceTree = "<group>"; };
		646E8EAF1E48BCC3003B8DFB /* DirectionsDetailPresenterProtocol.swift */ = {isa = PBXFileReference; fileEncoding = 4; lastKnownFileType = sourcecode.swift; path = DirectionsDetailPresenterProtocol.swift; sourceTree = "<group>"; };
		646E8EB21E48BF87003B8DFB /* Step.swift */ = {isa = PBXFileReference; fileEncoding = 4; lastKnownFileType = sourcecode.swift; path = Step.swift; sourceTree = "<group>"; };
		6474B1A31E3D04C200C46165 /* UProgress.app */ = {isa = PBXFileReference; explicitFileType = wrapper.application; includeInIndex = 0; path = UProgress.app; sourceTree = BUILT_PRODUCTS_DIR; };
		6474B1A61E3D04C200C46165 /* AppDelegate.swift */ = {isa = PBXFileReference; lastKnownFileType = sourcecode.swift; path = AppDelegate.swift; sourceTree = "<group>"; };
		6474B1A81E3D04C200C46165 /* DirectionsListViewController.swift */ = {isa = PBXFileReference; lastKnownFileType = sourcecode.swift; path = DirectionsListViewController.swift; sourceTree = "<group>"; };
		6474B1AB1E3D04C200C46165 /* Base */ = {isa = PBXFileReference; lastKnownFileType = file.storyboard; name = Base; path = Base.lproj/iPhone.storyboard; sourceTree = "<group>"; };
		6474B1AD1E3D04C200C46165 /* Assets.xcassets */ = {isa = PBXFileReference; lastKnownFileType = folder.assetcatalog; path = Assets.xcassets; sourceTree = "<group>"; };
		6474B1B01E3D04C200C46165 /* Base */ = {isa = PBXFileReference; lastKnownFileType = file.storyboard; name = Base; path = Base.lproj/LaunchScreen.storyboard; sourceTree = "<group>"; };
		6474B1B21E3D04C200C46165 /* Info.plist */ = {isa = PBXFileReference; lastKnownFileType = text.plist.xml; path = Info.plist; sourceTree = "<group>"; };
		6474B1B71E3D04C200C46165 /* UProgressTests.xctest */ = {isa = PBXFileReference; explicitFileType = wrapper.cfbundle; includeInIndex = 0; path = UProgressTests.xctest; sourceTree = BUILT_PRODUCTS_DIR; };
		6474B1BB1E3D04C200C46165 /* DirectionsListPresenterTest.swift */ = {isa = PBXFileReference; lastKnownFileType = sourcecode.swift; path = DirectionsListPresenterTest.swift; sourceTree = "<group>"; };
		6474B1BD1E3D04C200C46165 /* Info.plist */ = {isa = PBXFileReference; lastKnownFileType = text.plist.xml; path = Info.plist; sourceTree = "<group>"; };
		6474B1C21E3D04C200C46165 /* UProgressUITests.xctest */ = {isa = PBXFileReference; explicitFileType = wrapper.cfbundle; includeInIndex = 0; path = UProgressUITests.xctest; sourceTree = BUILT_PRODUCTS_DIR; };
		6474B1C61E3D04C200C46165 /* UProgressUITests.swift */ = {isa = PBXFileReference; lastKnownFileType = sourcecode.swift; path = UProgressUITests.swift; sourceTree = "<group>"; };
		6474B1C81E3D04C200C46165 /* Info.plist */ = {isa = PBXFileReference; lastKnownFileType = text.plist.xml; path = Info.plist; sourceTree = "<group>"; };
		6474B1D41E3D091800C46165 /* .travis.yml */ = {isa = PBXFileReference; fileEncoding = 4; lastKnownFileType = text; path = .travis.yml; sourceTree = "<group>"; };
		647B34A31E4F8823006639DD /* DirectionDetailManager.swift */ = {isa = PBXFileReference; fileEncoding = 4; lastKnownFileType = sourcecode.swift; path = DirectionDetailManager.swift; sourceTree = "<group>"; };
		647B34A51E4F8839006639DD /* DirectionDetailManagerProtocol.swift */ = {isa = PBXFileReference; fileEncoding = 4; lastKnownFileType = sourcecode.swift; path = DirectionDetailManagerProtocol.swift; sourceTree = "<group>"; };
		6483E4C21E3FA5170072B97C /* iPad.storyboard */ = {isa = PBXFileReference; fileEncoding = 4; lastKnownFileType = file.storyboard; path = iPad.storyboard; sourceTree = "<group>"; };
		6483E4C41E3FA9790072B97C /* NavigationView.swift */ = {isa = PBXFileReference; fileEncoding = 4; lastKnownFileType = sourcecode.swift; path = NavigationView.swift; sourceTree = "<group>"; };
		6483E4C61E3FA9E50072B97C /* NavigationViewProtocol.swift */ = {isa = PBXFileReference; fileEncoding = 4; lastKnownFileType = sourcecode.swift; path = NavigationViewProtocol.swift; sourceTree = "<group>"; };
		6483E4C81E3FAAF90072B97C /* SidebarViewController.swift */ = {isa = PBXFileReference; fileEncoding = 4; lastKnownFileType = sourcecode.swift; path = SidebarViewController.swift; sourceTree = "<group>"; };
		6483E4CA1E3FE0490072B97C /* CommonFunctions.swift */ = {isa = PBXFileReference; fileEncoding = 4; lastKnownFileType = sourcecode.swift; path = CommonFunctions.swift; sourceTree = "<group>"; };
		6483E4CE1E40911E0072B97C /* DirectionsListCell.swift */ = {isa = PBXFileReference; fileEncoding = 4; lastKnownFileType = sourcecode.swift; path = DirectionsListCell.swift; sourceTree = "<group>"; };
		6483E4D01E4091290072B97C /* DirectionsListCell.xib */ = {isa = PBXFileReference; fileEncoding = 4; lastKnownFileType = file.xib; path = DirectionsListCell.xib; sourceTree = "<group>"; };
		6483E4D21E4093F60072B97C /* Date.swift */ = {isa = PBXFileReference; fileEncoding = 4; lastKnownFileType = sourcecode.swift; path = Date.swift; sourceTree = "<group>"; };
		6483E4D41E409A1D0072B97C /* String.swift */ = {isa = PBXFileReference; fileEncoding = 4; lastKnownFileType = sourcecode.swift; path = String.swift; sourceTree = "<group>"; };
		6483E4D61E40BC340072B97C /* Bridge-Header.h */ = {isa = PBXFileReference; lastKnownFileType = sourcecode.c.h; path = "Bridge-Header.h"; sourceTree = "<group>"; };
		6483E4D81E40FED00072B97C /* AuthorizationsViewController.swift */ = {isa = PBXFileReference; fileEncoding = 4; lastKnownFileType = sourcecode.swift; path = AuthorizationsViewController.swift; sourceTree = "<group>"; };
		64D1BD1B1E475DA6001DDDC5 /* ProfileViewCell.swift */ = {isa = PBXFileReference; fileEncoding = 4; lastKnownFileType = sourcecode.swift; path = ProfileViewCell.swift; sourceTree = "<group>"; };
		64D1BD1D1E475DB2001DDDC5 /* ProfileViewCell.xib */ = {isa = PBXFileReference; fileEncoding = 4; lastKnownFileType = file.xib; path = ProfileViewCell.xib; sourceTree = "<group>"; };
		64D9309B1E3E2CEE007C7112 /* DirectionManager.swift */ = {isa = PBXFileReference; fileEncoding = 4; lastKnownFileType = sourcecode.swift; path = DirectionManager.swift; sourceTree = "<group>"; };
		64D9309E1E3E3C68007C7112 /* ApiRequest.swift */ = {isa = PBXFileReference; fileEncoding = 4; lastKnownFileType = sourcecode.swift; path = ApiRequest.swift; sourceTree = "<group>"; };
		64D930A51E3E40A7007C7112 /* DirectionModelProtocol.swift */ = {isa = PBXFileReference; fileEncoding = 4; lastKnownFileType = sourcecode.swift; path = DirectionModelProtocol.swift; sourceTree = "<group>"; };
		64D930A91E3E452E007C7112 /* DirectionViewProtocol.swift */ = {isa = PBXFileReference; fileEncoding = 4; lastKnownFileType = sourcecode.swift; path = DirectionViewProtocol.swift; sourceTree = "<group>"; };
		64D930AB1E3E45EE007C7112 /* DirectionsListPresenter.swift */ = {isa = PBXFileReference; fileEncoding = 4; lastKnownFileType = sourcecode.swift; path = DirectionsListPresenter.swift; sourceTree = "<group>"; };
		64D930AD1E3E4632007C7112 /* DirectionListPresenterImpl.swift */ = {isa = PBXFileReference; fileEncoding = 4; lastKnownFileType = sourcecode.swift; path = DirectionListPresenterImpl.swift; sourceTree = "<group>"; };
		64D930AF1E3E4DA1007C7112 /* DirectionsListView.swift */ = {isa = PBXFileReference; fileEncoding = 4; lastKnownFileType = sourcecode.swift; path = DirectionsListView.swift; sourceTree = "<group>"; };
		64D930B11E3E4EF2007C7112 /* DirectionsListViewProtocol.swift */ = {isa = PBXFileReference; fileEncoding = 4; lastKnownFileType = sourcecode.swift; path = DirectionsListViewProtocol.swift; sourceTree = "<group>"; };
		64E015171E3E023E0055DFD5 /* Direction.swift */ = {isa = PBXFileReference; fileEncoding = 4; lastKnownFileType = sourcecode.swift; path = Direction.swift; sourceTree = "<group>"; };
		64EA8BEE1E3EB2CA0088009E /* NavigationViewController.swift */ = {isa = PBXFileReference; fileEncoding = 4; lastKnownFileType = sourcecode.swift; path = NavigationViewController.swift; sourceTree = "<group>"; };
		64EA8BF31E3EB9AE0088009E /* BaseViewController.swift */ = {isa = PBXFileReference; fileEncoding = 4; lastKnownFileType = sourcecode.swift; path = BaseViewController.swift; sourceTree = "<group>"; };
		64F80D3A1E41FCA500E90004 /* AuthorizationFragmentController.swift */ = {isa = PBXFileReference; fileEncoding = 4; lastKnownFileType = sourcecode.swift; path = AuthorizationFragmentController.swift; sourceTree = "<group>"; };
		64F80D3C1E41FCB000E90004 /* RegistrationFragmentController.swift */ = {isa = PBXFileReference; fileEncoding = 4; lastKnownFileType = sourcecode.swift; path = RegistrationFragmentController.swift; sourceTree = "<group>"; };
		64F80D421E42058500E90004 /* AuthorizationStoryboard.storyboard */ = {isa = PBXFileReference; fileEncoding = 4; lastKnownFileType = file.storyboard; path = AuthorizationStoryboard.storyboard; sourceTree = "<group>"; };
		68D4A01EB56EC7D79F5B52DC /* Pods-UProgressUITests.debug.xcconfig */ = {isa = PBXFileReference; includeInIndex = 1; lastKnownFileType = text.xcconfig; name = "Pods-UProgressUITests.debug.xcconfig"; path = "Pods/Target Support Files/Pods-UProgressUITests/Pods-UProgressUITests.debug.xcconfig"; sourceTree = "<group>"; };
		6D5C3E99CC7E7FD863502E7F /* Pods-UProgress-UProgressUITests.release.xcconfig */ = {isa = PBXFileReference; includeInIndex = 1; lastKnownFileType = text.xcconfig; name = "Pods-UProgress-UProgressUITests.release.xcconfig"; path = "Pods/Target Support Files/Pods-UProgress-UProgressUITests/Pods-UProgress-UProgressUITests.release.xcconfig"; sourceTree = "<group>"; };
		726D3C86FF753C8EEDC99541 /* Pods_UProgress_UProgressUITests.framework */ = {isa = PBXFileReference; explicitFileType = wrapper.framework; includeInIndex = 0; path = Pods_UProgress_UProgressUITests.framework; sourceTree = BUILT_PRODUCTS_DIR; };
		779513CA6D1DE240C7496902 /* Pods-UProgressUITests.release.xcconfig */ = {isa = PBXFileReference; includeInIndex = 1; lastKnownFileType = text.xcconfig; name = "Pods-UProgressUITests.release.xcconfig"; path = "Pods/Target Support Files/Pods-UProgressUITests/Pods-UProgressUITests.release.xcconfig"; sourceTree = "<group>"; };
		7FDBFEFD52C955FFA316B70C /* Pods-UProgressTests.debug.xcconfig */ = {isa = PBXFileReference; includeInIndex = 1; lastKnownFileType = text.xcconfig; name = "Pods-UProgressTests.debug.xcconfig"; path = "Pods/Target Support Files/Pods-UProgressTests/Pods-UProgressTests.debug.xcconfig"; sourceTree = "<group>"; };
		9A82DC417568D2A5ECB0302C /* Pods-UProgress-UProgressTests.release.xcconfig */ = {isa = PBXFileReference; includeInIndex = 1; lastKnownFileType = text.xcconfig; name = "Pods-UProgress-UProgressTests.release.xcconfig"; path = "Pods/Target Support Files/Pods-UProgress-UProgressTests/Pods-UProgress-UProgressTests.release.xcconfig"; sourceTree = "<group>"; };
		A7A32DDD7EF182634B70BB10 /* Pods-UProgress.debug.xcconfig */ = {isa = PBXFileReference; includeInIndex = 1; lastKnownFileType = text.xcconfig; name = "Pods-UProgress.debug.xcconfig"; path = "Pods/Target Support Files/Pods-UProgress/Pods-UProgress.debug.xcconfig"; sourceTree = "<group>"; };
		AF0278647014FB9AFDB08AEC /* Pods_UProgressTests.framework */ = {isa = PBXFileReference; explicitFileType = wrapper.framework; includeInIndex = 0; path = Pods_UProgressTests.framework; sourceTree = BUILT_PRODUCTS_DIR; };
		CE093EFF50B2CD73C7632E2E /* Pods-UProgress-UProgressTests.debug.xcconfig */ = {isa = PBXFileReference; includeInIndex = 1; lastKnownFileType = text.xcconfig; name = "Pods-UProgress-UProgressTests.debug.xcconfig"; path = "Pods/Target Support Files/Pods-UProgress-UProgressTests/Pods-UProgress-UProgressTests.debug.xcconfig"; sourceTree = "<group>"; };
		DBD8BB09CFC827EB003C41A2 /* Pods_UProgress.framework */ = {isa = PBXFileReference; explicitFileType = wrapper.framework; includeInIndex = 0; path = Pods_UProgress.framework; sourceTree = BUILT_PRODUCTS_DIR; };
		EA49F6AA392E1D2261CC02EB /* Pods-UProgressTests.release.xcconfig */ = {isa = PBXFileReference; includeInIndex = 1; lastKnownFileType = text.xcconfig; name = "Pods-UProgressTests.release.xcconfig"; path = "Pods/Target Support Files/Pods-UProgressTests/Pods-UProgressTests.release.xcconfig"; sourceTree = "<group>"; };
		F396F0220AA154D509C1E95B /* Pods_UProgress_UProgressTests.framework */ = {isa = PBXFileReference; explicitFileType = wrapper.framework; includeInIndex = 0; path = Pods_UProgress_UProgressTests.framework; sourceTree = BUILT_PRODUCTS_DIR; };
/* End PBXFileReference section */

/* Begin PBXFrameworksBuildPhase section */
		6474B1A01E3D04C200C46165 /* Frameworks */ = {
			isa = PBXFrameworksBuildPhase;
			buildActionMask = 2147483647;
			files = (
				645F5A0E1E3E95D0005CCBD6 /* Alamofire.framework in Frameworks */,
				8355BE18053B154ED4CA22C8 /* Pods_UProgress.framework in Frameworks */,
			);
			runOnlyForDeploymentPostprocessing = 0;
		};
		6474B1B41E3D04C200C46165 /* Frameworks */ = {
			isa = PBXFrameworksBuildPhase;
			buildActionMask = 2147483647;
			files = (
				198C1F504EA67A89BB92B6FB /* Pods_UProgressTests.framework in Frameworks */,
				9DFB990BFC345690E0598208 /* Pods_UProgress_UProgressTests.framework in Frameworks */,
			);
			runOnlyForDeploymentPostprocessing = 0;
		};
		6474B1BF1E3D04C200C46165 /* Frameworks */ = {
			isa = PBXFrameworksBuildPhase;
			buildActionMask = 2147483647;
			files = (
				1535171CDCE91FAE11927401 /* Pods_UProgressUITests.framework in Frameworks */,
				5E2ECF37024A74B8E3E15D25 /* Pods_UProgress_UProgressUITests.framework in Frameworks */,
			);
			runOnlyForDeploymentPostprocessing = 0;
		};
/* End PBXFrameworksBuildPhase section */

/* Begin PBXGroup section */
		056E10CCF3EDE974C9CDFAB6 /* Pods */ = {
			isa = PBXGroup;
			children = (
				A7A32DDD7EF182634B70BB10 /* Pods-UProgress.debug.xcconfig */,
				3EEFA24D7EA84D774EDB8B59 /* Pods-UProgress.release.xcconfig */,
				7FDBFEFD52C955FFA316B70C /* Pods-UProgressTests.debug.xcconfig */,
				EA49F6AA392E1D2261CC02EB /* Pods-UProgressTests.release.xcconfig */,
				68D4A01EB56EC7D79F5B52DC /* Pods-UProgressUITests.debug.xcconfig */,
				779513CA6D1DE240C7496902 /* Pods-UProgressUITests.release.xcconfig */,
				CE093EFF50B2CD73C7632E2E /* Pods-UProgress-UProgressTests.debug.xcconfig */,
				9A82DC417568D2A5ECB0302C /* Pods-UProgress-UProgressTests.release.xcconfig */,
				3DAF568722EA6F1921D97601 /* Pods-UProgress-UProgressUITests.debug.xcconfig */,
				6D5C3E99CC7E7FD863502E7F /* Pods-UProgress-UProgressUITests.release.xcconfig */,
			);
			name = Pods;
			sourceTree = "<group>";
		};
		646861861E467CE700583945 /* Launch */ = {
			isa = PBXGroup;
			children = (
				646861901E46A47500583945 /* views */,
				6468618F1E46A46E00583945 /* presenter */,
			);
			name = Launch;
			sourceTree = "<group>";
		};
		6468618F1E46A46E00583945 /* presenter */ = {
			isa = PBXGroup;
			children = (
				646861891E46826700583945 /* LaunchPresenter.swift */,
				6468618B1E46827900583945 /* LaunchPresenterProtocol.swift */,
			);
			name = presenter;
			sourceTree = "<group>";
		};
		646861901E46A47500583945 /* views */ = {
			isa = PBXGroup;
			children = (
				646861871E467CF700583945 /* LaunchViewController.swift */,
				6468618D1E46828D00583945 /* LaunchViewProtocol.swift */,
				646861911E46A48B00583945 /* LaunchStoryboard.storyboard */,
			);
			name = views;
			sourceTree = "<group>";
		};
		646E8E9D1E48B016003B8DFB /* User */ = {
			isa = PBXGroup;
			children = (
				646E8E9E1E48B028003B8DFB /* ProfileStoryboard.storyboard */,
				646E8EA01E48B03B003B8DFB /* ProfileViewController.swift */,
			);
			name = User;
			sourceTree = "<group>";
		};
		646E8EA21E48B22E003B8DFB /* DirectionsDetail */ = {
			isa = PBXGroup;
			children = (
				646E8EB11E48BF7D003B8DFB /* model */,
				646E8EAA1E48BBB3003B8DFB /* presenter */,
				646E8EA91E48BBAE003B8DFB /* view */,
			);
			name = DirectionsDetail;
			sourceTree = "<group>";
		};
		646E8EA91E48BBAE003B8DFB /* view */ = {
			isa = PBXGroup;
			children = (
				641B30A51E4BCC3100FF60CC /* DirectionDetailInfoView.swift */,
				641B30A71E4BCC4000FF60CC /* DirectionDetailInfoView.xib */,
				646E8EA31E48B23E003B8DFB /* DirectionsDetailViewController.swift */,
				646E8EAD1E48BC12003B8DFB /* DirectionsDetailViewProtocol.swift */,
				64109F951E4CC473003C0914 /* DirectionDetailView.swift */,
				64109F971E4CD31D003C0914 /* StepFormViewController.swift */,
				6426C7731E4DFE3100F37701 /* DirectionsPopupProtocol.swift */,
				6426C7771E4DFED900F37701 /* DirectionViewActionsProtocol.swift */,
			);
			name = view;
			sourceTree = "<group>";
		};
		646E8EAA1E48BBB3003B8DFB /* presenter */ = {
			isa = PBXGroup;
			children = (
				646E8EAB1E48BBC8003B8DFB /* DirectionsDetailPresenter.swift */,
				646E8EAF1E48BCC3003B8DFB /* DirectionsDetailPresenterProtocol.swift */,
			);
			name = presenter;
			sourceTree = "<group>";
		};
		646E8EB11E48BF7D003B8DFB /* model */ = {
			isa = PBXGroup;
			children = (
				646E8EB21E48BF87003B8DFB /* Step.swift */,
				647B34A31E4F8823006639DD /* DirectionDetailManager.swift */,
				647B34A51E4F8839006639DD /* DirectionDetailManagerProtocol.swift */,
			);
			name = model;
			sourceTree = "<group>";
		};
		6474B19A1E3D04C200C46165 = {
			isa = PBXGroup;
			children = (
				64432CC81E43DBB1003C3011 /* Localizable.strings */,
				6474B1D41E3D091800C46165 /* .travis.yml */,
				6474B1A51E3D04C200C46165 /* UProgress */,
				6474B1BA1E3D04C200C46165 /* UProgressTests */,
				6474B1C51E3D04C200C46165 /* UProgressUITests */,
				6474B1A41E3D04C200C46165 /* Products */,
				056E10CCF3EDE974C9CDFAB6 /* Pods */,
				C677A2DD374B74FC58AC9AE1 /* Frameworks */,
			);
			sourceTree = "<group>";
		};
		6474B1A41E3D04C200C46165 /* Products */ = {
			isa = PBXGroup;
			children = (
				6474B1A31E3D04C200C46165 /* UProgress.app */,
				6474B1B71E3D04C200C46165 /* UProgressTests.xctest */,
				6474B1C21E3D04C200C46165 /* UProgressUITests.xctest */,
			);
			name = Products;
			sourceTree = "<group>";
		};
		6474B1A51E3D04C200C46165 /* UProgress */ = {
			isa = PBXGroup;
			children = (
				646E8EA21E48B22E003B8DFB /* DirectionsDetail */,
				646E8E9D1E48B016003B8DFB /* User */,
				646861861E467CE700583945 /* Launch */,
				6483E4D71E40FEBF0072B97C /* Authorization */,
				64EA8BF21E3EB9970088009E /* Navigation */,
				64D930A11E3E402E007C7112 /* DirectionsList */,
				64D9309D1E3E3C55007C7112 /* common */,
				6474B1A61E3D04C200C46165 /* AppDelegate.swift */,
				6474B1AA1E3D04C200C46165 /* iPhone.storyboard */,
				6474B1AD1E3D04C200C46165 /* Assets.xcassets */,
				6474B1AF1E3D04C200C46165 /* LaunchScreen.storyboard */,
				6474B1B21E3D04C200C46165 /* Info.plist */,
				6483E4C21E3FA5170072B97C /* iPad.storyboard */,
			);
			path = UProgress;
			sourceTree = "<group>";
		};
		6474B1BA1E3D04C200C46165 /* UProgressTests */ = {
			isa = PBXGroup;
			children = (
				6474B1BB1E3D04C200C46165 /* DirectionsListPresenterTest.swift */,
				6474B1BD1E3D04C200C46165 /* Info.plist */,
			);
			path = UProgressTests;
			sourceTree = "<group>";
		};
		6474B1C51E3D04C200C46165 /* UProgressUITests */ = {
			isa = PBXGroup;
			children = (
				6474B1C61E3D04C200C46165 /* UProgressUITests.swift */,
				6474B1C81E3D04C200C46165 /* Info.plist */,
			);
			path = UProgressUITests;
			sourceTree = "<group>";
		};
		6483E4D71E40FEBF0072B97C /* Authorization */ = {
			isa = PBXGroup;
			children = (
				64D1BD181E475BA5001DDDC5 /* presenter */,
				64D1BD171E475BA0001DDDC5 /* model */,
				6483E4DA1E4104E20072B97C /* view */,
			);
			name = Authorization;
			sourceTree = "<group>";
		};
		6483E4DA1E4104E20072B97C /* view */ = {
			isa = PBXGroup;
			children = (
				6483E4D81E40FED00072B97C /* AuthorizationsViewController.swift */,
				64F80D3A1E41FCA500E90004 /* AuthorizationFragmentController.swift */,
				64F80D3C1E41FCB000E90004 /* RegistrationFragmentController.swift */,
				64F80D421E42058500E90004 /* AuthorizationStoryboard.storyboard */,
				641F25D01E422FC3008BD119 /* AuthorizationViewProtocol.swift */,
				641F25D61E4232BE008BD119 /* SignInProtocol.swift */,
				6443CBEE1E42C0DA008F15E5 /* ErrorsHandling.swift */,
			);
			name = view;
			sourceTree = "<group>";
		};
		64D1BD171E475BA0001DDDC5 /* model */ = {
			isa = PBXGroup;
			children = (
				641F25CA1E422BE6008BD119 /* AuthorizationManager.swift */,
				641F25CC1E422BF2008BD119 /* User.swift */,
				641F25CE1E422CC3008BD119 /* AuthorizationManagerProtocol.swift */,
				6443CBF21E4349B5008F15E5 /* AuthorizationService.swift */,
			);
			name = model;
			sourceTree = "<group>";
		};
		64D1BD181E475BA5001DDDC5 /* presenter */ = {
			isa = PBXGroup;
			children = (
				641F25D21E42307B008BD119 /* AuthorizationPresenter.swift */,
				641F25D41E42309D008BD119 /* AuthorizationPresenterProtocol.swift */,
			);
			name = presenter;
			sourceTree = "<group>";
		};
		64D9309D1E3E3C55007C7112 /* common */ = {
			isa = PBXGroup;
			children = (
				64EA8BF51E3EBB900088009E /* Extensions */,
				64D930A01E3E4020007C7112 /* utils */,
				64EA8BF31E3EB9AE0088009E /* BaseViewController.swift */,
				646861931E46AC9800583945 /* BaseSplitViewController.swift */,
				6483E4CA1E3FE0490072B97C /* CommonFunctions.swift */,
				6483E4D61E40BC340072B97C /* Bridge-Header.h */,
				6443CBF01E433E9E008F15E5 /* Constants.swift */,
			);
			name = common;
			sourceTree = "<group>";
		};
		64D930A01E3E4020007C7112 /* utils */ = {
			isa = PBXGroup;
			children = (
				64D9309E1E3E3C68007C7112 /* ApiRequest.swift */,
				6443CBEC1E42BFE3008F15E5 /* ServerError.swift */,
			);
			name = utils;
			sourceTree = "<group>";
		};
		64D930A11E3E402E007C7112 /* DirectionsList */ = {
			isa = PBXGroup;
			children = (
				64D930A41E3E4058007C7112 /* presenter */,
				64D930A31E3E4050007C7112 /* model */,
				64D930A21E3E404A007C7112 /* view */,
			);
			name = DirectionsList;
			sourceTree = "<group>";
		};
		64D930A21E3E404A007C7112 /* view */ = {
			isa = PBXGroup;
			children = (
				6474B1A81E3D04C200C46165 /* DirectionsListViewController.swift */,
				64D930A91E3E452E007C7112 /* DirectionViewProtocol.swift */,
				64D930AF1E3E4DA1007C7112 /* DirectionsListView.swift */,
				64D930B11E3E4EF2007C7112 /* DirectionsListViewProtocol.swift */,
				6483E4CE1E40911E0072B97C /* DirectionsListCell.swift */,
				6483E4D01E4091290072B97C /* DirectionsListCell.xib */,
				643C202F1E47D6D90066D9BC /* DirectionsStoryboard.storyboard */,
			);
			name = view;
			sourceTree = "<group>";
		};
		64D930A31E3E4050007C7112 /* model */ = {
			isa = PBXGroup;
			children = (
				64E015171E3E023E0055DFD5 /* Direction.swift */,
				64D9309B1E3E2CEE007C7112 /* DirectionManager.swift */,
				64D930A51E3E40A7007C7112 /* DirectionModelProtocol.swift */,
			);
			name = model;
			sourceTree = "<group>";
		};
		64D930A41E3E4058007C7112 /* presenter */ = {
			isa = PBXGroup;
			children = (
				64D930AB1E3E45EE007C7112 /* DirectionsListPresenter.swift */,
				64D930AD1E3E4632007C7112 /* DirectionListPresenterImpl.swift */,
			);
			name = presenter;
			sourceTree = "<group>";
		};
		64EA8BF21E3EB9970088009E /* Navigation */ = {
			isa = PBXGroup;
			children = (
				64EA8BEE1E3EB2CA0088009E /* NavigationViewController.swift */,
				6483E4C41E3FA9790072B97C /* NavigationView.swift */,
				6483E4C61E3FA9E50072B97C /* NavigationViewProtocol.swift */,
				6483E4C81E3FAAF90072B97C /* SidebarViewController.swift */,
				64D1BD1B1E475DA6001DDDC5 /* ProfileViewCell.swift */,
				64D1BD1D1E475DB2001DDDC5 /* ProfileViewCell.xib */,
			);
			name = Navigation;
			sourceTree = "<group>";
		};
		64EA8BF51E3EBB900088009E /* Extensions */ = {
			isa = PBXGroup;
			children = (
				6483E4D21E4093F60072B97C /* Date.swift */,
				6483E4D41E409A1D0072B97C /* String.swift */,
				641F25C81E422621008BD119 /* Image.swift */,
				6464C5A61E44CBAA00C79975 /* Button.swift */,
			);
			name = Extensions;
			sourceTree = "<group>";
		};
		C677A2DD374B74FC58AC9AE1 /* Frameworks */ = {
			isa = PBXGroup;
			children = (
				645F5A131E3E9F78005CCBD6 /* OHHTTPStubs.framework */,
				645F5A111E3E95DB005CCBD6 /* OHHTTPStubs.framework */,
				645F5A0F1E3E95D4005CCBD6 /* AlamofireObjectMapper.framework */,
				645F5A0D1E3E95D0005CCBD6 /* Alamofire.framework */,
				DBD8BB09CFC827EB003C41A2 /* Pods_UProgress.framework */,
				AF0278647014FB9AFDB08AEC /* Pods_UProgressTests.framework */,
				26B2E59EF71986B1EE57862A /* Pods_UProgressUITests.framework */,
				F396F0220AA154D509C1E95B /* Pods_UProgress_UProgressTests.framework */,
				726D3C86FF753C8EEDC99541 /* Pods_UProgress_UProgressUITests.framework */,
			);
			name = Frameworks;
			sourceTree = "<group>";
		};
/* End PBXGroup section */

/* Begin PBXNativeTarget section */
		6474B1A21E3D04C200C46165 /* UProgress */ = {
			isa = PBXNativeTarget;
			buildConfigurationList = 6474B1CB1E3D04C200C46165 /* Build configuration list for PBXNativeTarget "UProgress" */;
			buildPhases = (
				774992EFE282C9935832720B /* [CP] Check Pods Manifest.lock */,
				6474B19F1E3D04C200C46165 /* Sources */,
				6474B1A01E3D04C200C46165 /* Frameworks */,
				6474B1A11E3D04C200C46165 /* Resources */,
				EBFD12F1571F2A4EC2CE4A0B /* [CP] Embed Pods Frameworks */,
				61BB0F2AD31F19A56FDB0799 /* [CP] Copy Pods Resources */,
			);
			buildRules = (
			);
			dependencies = (
			);
			name = UProgress;
			productName = UProgress;
			productReference = 6474B1A31E3D04C200C46165 /* UProgress.app */;
			productType = "com.apple.product-type.application";
		};
		6474B1B61E3D04C200C46165 /* UProgressTests */ = {
			isa = PBXNativeTarget;
			buildConfigurationList = 6474B1CE1E3D04C200C46165 /* Build configuration list for PBXNativeTarget "UProgressTests" */;
			buildPhases = (
				7C3F0ECC619B3F26D10AF232 /* [CP] Check Pods Manifest.lock */,
				6474B1B31E3D04C200C46165 /* Sources */,
				6474B1B41E3D04C200C46165 /* Frameworks */,
				6474B1B51E3D04C200C46165 /* Resources */,
				5BA34F2CB3D6A94A709F283D /* [CP] Embed Pods Frameworks */,
				10CB36F499C4C341763A97CB /* [CP] Copy Pods Resources */,
			);
			buildRules = (
			);
			dependencies = (
				6474B1B91E3D04C200C46165 /* PBXTargetDependency */,
			);
			name = UProgressTests;
			productName = UProgressTests;
			productReference = 6474B1B71E3D04C200C46165 /* UProgressTests.xctest */;
			productType = "com.apple.product-type.bundle.unit-test";
		};
		6474B1C11E3D04C200C46165 /* UProgressUITests */ = {
			isa = PBXNativeTarget;
			buildConfigurationList = 6474B1D11E3D04C200C46165 /* Build configuration list for PBXNativeTarget "UProgressUITests" */;
			buildPhases = (
				B4786FB12309590C1AC7CA92 /* [CP] Check Pods Manifest.lock */,
				6474B1BE1E3D04C200C46165 /* Sources */,
				6474B1BF1E3D04C200C46165 /* Frameworks */,
				6474B1C01E3D04C200C46165 /* Resources */,
				4E7694C041F83E24AFC65C28 /* [CP] Embed Pods Frameworks */,
				5BEE422FAE157FE2788EA90F /* [CP] Copy Pods Resources */,
			);
			buildRules = (
			);
			dependencies = (
				6474B1C41E3D04C200C46165 /* PBXTargetDependency */,
			);
			name = UProgressUITests;
			productName = UProgressUITests;
			productReference = 6474B1C21E3D04C200C46165 /* UProgressUITests.xctest */;
			productType = "com.apple.product-type.bundle.ui-testing";
		};
/* End PBXNativeTarget section */

/* Begin PBXProject section */
		6474B19B1E3D04C200C46165 /* Project object */ = {
			isa = PBXProject;
			attributes = {
				LastSwiftUpdateCheck = 0820;
				LastUpgradeCheck = 0820;
				ORGANIZATIONNAME = vsokoltsov;
				TargetAttributes = {
					6474B1A21E3D04C200C46165 = {
						CreatedOnToolsVersion = 8.2.1;
						DevelopmentTeam = H6WZYAW7R8;
						ProvisioningStyle = Automatic;
					};
					6474B1B61E3D04C200C46165 = {
						CreatedOnToolsVersion = 8.2.1;
						DevelopmentTeam = H6WZYAW7R8;
						ProvisioningStyle = Automatic;
						TestTargetID = 6474B1A21E3D04C200C46165;
					};
					6474B1C11E3D04C200C46165 = {
						CreatedOnToolsVersion = 8.2.1;
						DevelopmentTeam = H6WZYAW7R8;
						ProvisioningStyle = Automatic;
						TestTargetID = 6474B1A21E3D04C200C46165;
					};
				};
			};
			buildConfigurationList = 6474B19E1E3D04C200C46165 /* Build configuration list for PBXProject "UProgress" */;
			compatibilityVersion = "Xcode 3.2";
			developmentRegion = English;
			hasScannedForEncodings = 0;
			knownRegions = (
				en,
				Base,
				ru,
			);
			mainGroup = 6474B19A1E3D04C200C46165;
			productRefGroup = 6474B1A41E3D04C200C46165 /* Products */;
			projectDirPath = "";
			projectRoot = "";
			targets = (
				6474B1A21E3D04C200C46165 /* UProgress */,
				6474B1B61E3D04C200C46165 /* UProgressTests */,
				6474B1C11E3D04C200C46165 /* UProgressUITests */,
			);
		};
/* End PBXProject section */

/* Begin PBXResourcesBuildPhase section */
		6474B1A11E3D04C200C46165 /* Resources */ = {
			isa = PBXResourcesBuildPhase;
			buildActionMask = 2147483647;
			files = (
				64432CC61E43DBB1003C3011 /* Localizable.strings in Resources */,
				64F80D431E42058500E90004 /* AuthorizationStoryboard.storyboard in Resources */,
				641B30A81E4BCC4000FF60CC /* DirectionDetailInfoView.xib in Resources */,
				6474B1B11E3D04C200C46165 /* LaunchScreen.storyboard in Resources */,
				6483E4D11E4091290072B97C /* DirectionsListCell.xib in Resources */,
				64D1BD1E1E475DB2001DDDC5 /* ProfileViewCell.xib in Resources */,
				6474B1AE1E3D04C200C46165 /* Assets.xcassets in Resources */,
				643C20301E47D6D90066D9BC /* DirectionsStoryboard.storyboard in Resources */,
				6474B1D51E3D091800C46165 /* .travis.yml in Resources */,
				6474B1AC1E3D04C200C46165 /* iPhone.storyboard in Resources */,
				646E8E9F1E48B028003B8DFB /* ProfileStoryboard.storyboard in Resources */,
				646861921E46A48B00583945 /* LaunchStoryboard.storyboard in Resources */,
				6483E4C31E3FA5170072B97C /* iPad.storyboard in Resources */,
			);
			runOnlyForDeploymentPostprocessing = 0;
		};
		6474B1B51E3D04C200C46165 /* Resources */ = {
			isa = PBXResourcesBuildPhase;
			buildActionMask = 2147483647;
			files = (
				641B30AB1E4BCC8600FF60CC /* DirectionDetailInfoView.xib in Resources */,
			);
			runOnlyForDeploymentPostprocessing = 0;
		};
		6474B1C01E3D04C200C46165 /* Resources */ = {
			isa = PBXResourcesBuildPhase;
			buildActionMask = 2147483647;
			files = (
				641B30AC1E4BCC8700FF60CC /* DirectionDetailInfoView.xib in Resources */,
			);
			runOnlyForDeploymentPostprocessing = 0;
		};
/* End PBXResourcesBuildPhase section */

/* Begin PBXShellScriptBuildPhase section */
		10CB36F499C4C341763A97CB /* [CP] Copy Pods Resources */ = {
			isa = PBXShellScriptBuildPhase;
			buildActionMask = 2147483647;
			files = (
			);
			inputPaths = (
			);
			name = "[CP] Copy Pods Resources";
			outputPaths = (
			);
			runOnlyForDeploymentPostprocessing = 0;
			shellPath = /bin/sh;
			shellScript = "\"${SRCROOT}/Pods/Target Support Files/Pods-UProgressTests/Pods-UProgressTests-resources.sh\"\n";
			showEnvVarsInLog = 0;
		};
		4E7694C041F83E24AFC65C28 /* [CP] Embed Pods Frameworks */ = {
			isa = PBXShellScriptBuildPhase;
			buildActionMask = 2147483647;
			files = (
			);
			inputPaths = (
			);
			name = "[CP] Embed Pods Frameworks";
			outputPaths = (
			);
			runOnlyForDeploymentPostprocessing = 0;
			shellPath = /bin/sh;
			shellScript = "\"${SRCROOT}/Pods/Target Support Files/Pods-UProgressUITests/Pods-UProgressUITests-frameworks.sh\"\n";
			showEnvVarsInLog = 0;
		};
		5BA34F2CB3D6A94A709F283D /* [CP] Embed Pods Frameworks */ = {
			isa = PBXShellScriptBuildPhase;
			buildActionMask = 2147483647;
			files = (
			);
			inputPaths = (
			);
			name = "[CP] Embed Pods Frameworks";
			outputPaths = (
			);
			runOnlyForDeploymentPostprocessing = 0;
			shellPath = /bin/sh;
			shellScript = "\"${SRCROOT}/Pods/Target Support Files/Pods-UProgressTests/Pods-UProgressTests-frameworks.sh\"\n";
			showEnvVarsInLog = 0;
		};
		5BEE422FAE157FE2788EA90F /* [CP] Copy Pods Resources */ = {
			isa = PBXShellScriptBuildPhase;
			buildActionMask = 2147483647;
			files = (
			);
			inputPaths = (
			);
			name = "[CP] Copy Pods Resources";
			outputPaths = (
			);
			runOnlyForDeploymentPostprocessing = 0;
			shellPath = /bin/sh;
			shellScript = "\"${SRCROOT}/Pods/Target Support Files/Pods-UProgressUITests/Pods-UProgressUITests-resources.sh\"\n";
			showEnvVarsInLog = 0;
		};
		61BB0F2AD31F19A56FDB0799 /* [CP] Copy Pods Resources */ = {
			isa = PBXShellScriptBuildPhase;
			buildActionMask = 2147483647;
			files = (
			);
			inputPaths = (
			);
			name = "[CP] Copy Pods Resources";
			outputPaths = (
			);
			runOnlyForDeploymentPostprocessing = 0;
			shellPath = /bin/sh;
			shellScript = "\"${SRCROOT}/Pods/Target Support Files/Pods-UProgress/Pods-UProgress-resources.sh\"\n";
			showEnvVarsInLog = 0;
		};
		774992EFE282C9935832720B /* [CP] Check Pods Manifest.lock */ = {
			isa = PBXShellScriptBuildPhase;
			buildActionMask = 2147483647;
			files = (
			);
			inputPaths = (
			);
			name = "[CP] Check Pods Manifest.lock";
			outputPaths = (
			);
			runOnlyForDeploymentPostprocessing = 0;
			shellPath = /bin/sh;
			shellScript = "diff \"${PODS_ROOT}/../Podfile.lock\" \"${PODS_ROOT}/Manifest.lock\" > /dev/null\nif [ $? != 0 ] ; then\n    # print error to STDERR\n    echo \"error: The sandbox is not in sync with the Podfile.lock. Run 'pod install' or update your CocoaPods installation.\" >&2\n    exit 1\nfi\n";
			showEnvVarsInLog = 0;
		};
		7C3F0ECC619B3F26D10AF232 /* [CP] Check Pods Manifest.lock */ = {
			isa = PBXShellScriptBuildPhase;
			buildActionMask = 2147483647;
			files = (
			);
			inputPaths = (
			);
			name = "[CP] Check Pods Manifest.lock";
			outputPaths = (
			);
			runOnlyForDeploymentPostprocessing = 0;
			shellPath = /bin/sh;
			shellScript = "diff \"${PODS_ROOT}/../Podfile.lock\" \"${PODS_ROOT}/Manifest.lock\" > /dev/null\nif [ $? != 0 ] ; then\n    # print error to STDERR\n    echo \"error: The sandbox is not in sync with the Podfile.lock. Run 'pod install' or update your CocoaPods installation.\" >&2\n    exit 1\nfi\n";
			showEnvVarsInLog = 0;
		};
		B4786FB12309590C1AC7CA92 /* [CP] Check Pods Manifest.lock */ = {
			isa = PBXShellScriptBuildPhase;
			buildActionMask = 2147483647;
			files = (
			);
			inputPaths = (
			);
			name = "[CP] Check Pods Manifest.lock";
			outputPaths = (
			);
			runOnlyForDeploymentPostprocessing = 0;
			shellPath = /bin/sh;
			shellScript = "diff \"${PODS_ROOT}/../Podfile.lock\" \"${PODS_ROOT}/Manifest.lock\" > /dev/null\nif [ $? != 0 ] ; then\n    # print error to STDERR\n    echo \"error: The sandbox is not in sync with the Podfile.lock. Run 'pod install' or update your CocoaPods installation.\" >&2\n    exit 1\nfi\n";
			showEnvVarsInLog = 0;
		};
		EBFD12F1571F2A4EC2CE4A0B /* [CP] Embed Pods Frameworks */ = {
			isa = PBXShellScriptBuildPhase;
			buildActionMask = 2147483647;
			files = (
			);
			inputPaths = (
			);
			name = "[CP] Embed Pods Frameworks";
			outputPaths = (
			);
			runOnlyForDeploymentPostprocessing = 0;
			shellPath = /bin/sh;
			shellScript = "\"${SRCROOT}/Pods/Target Support Files/Pods-UProgress/Pods-UProgress-frameworks.sh\"\n";
			showEnvVarsInLog = 0;
		};
/* End PBXShellScriptBuildPhase section */

/* Begin PBXSourcesBuildPhase section */
		6474B19F1E3D04C200C46165 /* Sources */ = {
			isa = PBXSourcesBuildPhase;
			buildActionMask = 2147483647;
			files = (
				64109F981E4CD31D003C0914 /* StepFormViewController.swift in Sources */,
				6483E4C51E3FA9790072B97C /* NavigationView.swift in Sources */,
				646E8EA41E48B23E003B8DFB /* DirectionsDetailViewController.swift in Sources */,
				6443CBF31E4349B5008F15E5 /* AuthorizationService.swift in Sources */,
				6443CBF11E433E9E008F15E5 /* Constants.swift in Sources */,
				6443CBEF1E42C0DA008F15E5 /* ErrorsHandling.swift in Sources */,
				6483E4CB1E3FE0490072B97C /* CommonFunctions.swift in Sources */,
				6426C7741E4DFE3100F37701 /* DirectionsPopupProtocol.swift in Sources */,
				646E8EAE1E48BC12003B8DFB /* DirectionsDetailViewProtocol.swift in Sources */,
				6483E4D51E409A1D0072B97C /* String.swift in Sources */,
				641F25CF1E422CC3008BD119 /* AuthorizationManagerProtocol.swift in Sources */,
				6464C5A71E44CBAA00C79975 /* Button.swift in Sources */,
				6474B1A91E3D04C200C46165 /* DirectionsListViewController.swift in Sources */,
				6468618A1E46826700583945 /* LaunchPresenter.swift in Sources */,
				641F25D51E42309D008BD119 /* AuthorizationPresenterProtocol.swift in Sources */,
				646861881E467CF700583945 /* LaunchViewController.swift in Sources */,
				64EA8BEF1E3EB2CA0088009E /* NavigationViewController.swift in Sources */,
				641F25CD1E422BF2008BD119 /* User.swift in Sources */,
				6426C7781E4DFED900F37701 /* DirectionViewActionsProtocol.swift in Sources */,
				64D9309C1E3E2CEE007C7112 /* DirectionManager.swift in Sources */,
				646E8EB31E48BF87003B8DFB /* Step.swift in Sources */,
				641F25D71E4232BE008BD119 /* SignInProtocol.swift in Sources */,
				64109F961E4CC473003C0914 /* DirectionDetailView.swift in Sources */,
				646E8EB01E48BCC3003B8DFB /* DirectionsDetailPresenterProtocol.swift in Sources */,
				64D930AE1E3E4632007C7112 /* DirectionListPresenterImpl.swift in Sources */,
				6483E4D91E40FED00072B97C /* AuthorizationsViewController.swift in Sources */,
				6474B1A71E3D04C200C46165 /* AppDelegate.swift in Sources */,
				646E8EAC1E48BBC8003B8DFB /* DirectionsDetailPresenter.swift in Sources */,
				6443CBED1E42BFE3008F15E5 /* ServerError.swift in Sources */,
				647B34A61E4F8839006639DD /* DirectionDetailManagerProtocol.swift in Sources */,
				6468618E1E46828D00583945 /* LaunchViewProtocol.swift in Sources */,
				64D930AA1E3E452E007C7112 /* DirectionViewProtocol.swift in Sources */,
				641F25D31E42307B008BD119 /* AuthorizationPresenter.swift in Sources */,
				6483E4C71E3FA9E50072B97C /* NavigationViewProtocol.swift in Sources */,
				64D1BD1C1E475DA6001DDDC5 /* ProfileViewCell.swift in Sources */,
				64F80D3D1E41FCB000E90004 /* RegistrationFragmentController.swift in Sources */,
				64D930A61E3E40A7007C7112 /* DirectionModelProtocol.swift in Sources */,
				647B34A41E4F8823006639DD /* DirectionDetailManager.swift in Sources */,
				64D9309F1E3E3C68007C7112 /* ApiRequest.swift in Sources */,
				641B30A61E4BCC3100FF60CC /* DirectionDetailInfoView.swift in Sources */,
				6483E4CF1E40911E0072B97C /* DirectionsListCell.swift in Sources */,
				64D930B21E3E4EF2007C7112 /* DirectionsListViewProtocol.swift in Sources */,
				646861941E46AC9800583945 /* BaseSplitViewController.swift in Sources */,
				64D930B01E3E4DA1007C7112 /* DirectionsListView.swift in Sources */,
				64E015181E3E023E0055DFD5 /* Direction.swift in Sources */,
				641F25CB1E422BE6008BD119 /* AuthorizationManager.swift in Sources */,
				64D930AC1E3E45EE007C7112 /* DirectionsListPresenter.swift in Sources */,
				6483E4D31E4093F60072B97C /* Date.swift in Sources */,
				64EA8BF41E3EB9AE0088009E /* BaseViewController.swift in Sources */,
				64F80D3B1E41FCA500E90004 /* AuthorizationFragmentController.swift in Sources */,
				641F25D11E422FC3008BD119 /* AuthorizationViewProtocol.swift in Sources */,
				6483E4C91E3FAAF90072B97C /* SidebarViewController.swift in Sources */,
				646E8EA11E48B03B003B8DFB /* ProfileViewController.swift in Sources */,
				6468618C1E46827900583945 /* LaunchPresenterProtocol.swift in Sources */,
				641F25C91E422621008BD119 /* Image.swift in Sources */,
			);
			runOnlyForDeploymentPostprocessing = 0;
		};
		6474B1B31E3D04C200C46165 /* Sources */ = {
			isa = PBXSourcesBuildPhase;
			buildActionMask = 2147483647;
			files = (
				64EA8BF81E3F24700088009E /* BaseViewController.swift in Sources */,
				64D930B51E3E72AE007C7112 /* DirectionModelProtocol.swift in Sources */,
				6474B1BC1E3D04C200C46165 /* DirectionsListPresenterTest.swift in Sources */,
				646E8EA51E48B41E003B8DFB /* DirectionsDetailViewController.swift in Sources */,
				64D930BD1E3E72F0007C7112 /* DirectionsListViewController.swift in Sources */,
				641B30A11E4B67A600FF60CC /* DirectionsDetailPresenterProtocol.swift in Sources */,
				641B309D1E4B679F00FF60CC /* DirectionsDetailViewProtocol.swift in Sources */,
				641B30A31E4B67AB00FF60CC /* Step.swift in Sources */,
				646E8EA71E48B4A9003B8DFB /* DirectionsListCell.swift in Sources */,
				64D930C51E3E730E007C7112 /* DirectionsListPresenter.swift in Sources */,
				64D930BB1E3E72EB007C7112 /* ApiRequest.swift in Sources */,
				64D930C31E3E72FB007C7112 /* DirectionsListViewProtocol.swift in Sources */,
				64D930BF1E3E72F4007C7112 /* DirectionViewProtocol.swift in Sources */,
				64D930C71E3E7311007C7112 /* DirectionListPresenterImpl.swift in Sources */,
				64D930C11E3E72F8007C7112 /* DirectionsListView.swift in Sources */,
				641B30A91E4BCC5A00FF60CC /* DirectionDetailInfoView.swift in Sources */,
				641B309F1E4B67A200FF60CC /* DirectionsDetailPresenter.swift in Sources */,
				646861951E47370200583945 /* CommonFunctions.swift in Sources */,
				64D930B91E3E72B4007C7112 /* Direction.swift in Sources */,
				64D930B31E3E72AA007C7112 /* DirectionManager.swift in Sources */,
			);
			runOnlyForDeploymentPostprocessing = 0;
		};
		6474B1BE1E3D04C200C46165 /* Sources */ = {
			isa = PBXSourcesBuildPhase;
			buildActionMask = 2147483647;
			files = (
				64EA8BF91E3F24710088009E /* BaseViewController.swift in Sources */,
				64D930B61E3E72AE007C7112 /* DirectionModelProtocol.swift in Sources */,
				6474B1C71E3D04C200C46165 /* UProgressUITests.swift in Sources */,
				646E8EA61E48B41F003B8DFB /* DirectionsDetailViewController.swift in Sources */,
				64D930BE1E3E72F1007C7112 /* DirectionsListViewController.swift in Sources */,
				641B30A21E4B67A600FF60CC /* DirectionsDetailPresenterProtocol.swift in Sources */,
				641B309E1E4B679F00FF60CC /* DirectionsDetailViewProtocol.swift in Sources */,
				641B30A41E4B67AC00FF60CC /* Step.swift in Sources */,
				646E8EA81E48B4AA003B8DFB /* DirectionsListCell.swift in Sources */,
				64D930C61E3E730E007C7112 /* DirectionsListPresenter.swift in Sources */,
				64D930BC1E3E72EB007C7112 /* ApiRequest.swift in Sources */,
				64D930C41E3E72FB007C7112 /* DirectionsListViewProtocol.swift in Sources */,
				64D930C01E3E72F4007C7112 /* DirectionViewProtocol.swift in Sources */,
				64D930C81E3E7312007C7112 /* DirectionListPresenterImpl.swift in Sources */,
				64D930C21E3E72F8007C7112 /* DirectionsListView.swift in Sources */,
				641B30AA1E4BCC5A00FF60CC /* DirectionDetailInfoView.swift in Sources */,
				641B30A01E4B67A300FF60CC /* DirectionsDetailPresenter.swift in Sources */,
				646861961E47370300583945 /* CommonFunctions.swift in Sources */,
				64D930BA1E3E72B5007C7112 /* Direction.swift in Sources */,
				64D930B41E3E72AA007C7112 /* DirectionManager.swift in Sources */,
			);
			runOnlyForDeploymentPostprocessing = 0;
		};
/* End PBXSourcesBuildPhase section */

/* Begin PBXTargetDependency section */
		6474B1B91E3D04C200C46165 /* PBXTargetDependency */ = {
			isa = PBXTargetDependency;
			target = 6474B1A21E3D04C200C46165 /* UProgress */;
			targetProxy = 6474B1B81E3D04C200C46165 /* PBXContainerItemProxy */;
		};
		6474B1C41E3D04C200C46165 /* PBXTargetDependency */ = {
			isa = PBXTargetDependency;
			target = 6474B1A21E3D04C200C46165 /* UProgress */;
			targetProxy = 6474B1C31E3D04C200C46165 /* PBXContainerItemProxy */;
		};
/* End PBXTargetDependency section */

/* Begin PBXVariantGroup section */
		64432CC81E43DBB1003C3011 /* Localizable.strings */ = {
			isa = PBXVariantGroup;
			children = (
				64432CC71E43DBB1003C3011 /* en */,
				64432CC91E43DBC2003C3011 /* ru */,
			);
			name = Localizable.strings;
			path = UProgress;
			sourceTree = "<group>";
		};
		6474B1AA1E3D04C200C46165 /* iPhone.storyboard */ = {
			isa = PBXVariantGroup;
			children = (
				6474B1AB1E3D04C200C46165 /* Base */,
			);
			name = iPhone.storyboard;
			sourceTree = "<group>";
		};
		6474B1AF1E3D04C200C46165 /* LaunchScreen.storyboard */ = {
			isa = PBXVariantGroup;
			children = (
				6474B1B01E3D04C200C46165 /* Base */,
			);
			name = LaunchScreen.storyboard;
			sourceTree = "<group>";
		};
/* End PBXVariantGroup section */

/* Begin XCBuildConfiguration section */
		6474B1C91E3D04C200C46165 /* Debug */ = {
			isa = XCBuildConfiguration;
			buildSettings = {
				ALWAYS_SEARCH_USER_PATHS = NO;
				CLANG_ANALYZER_LOCALIZABILITY_NONLOCALIZED = YES;
				CLANG_ANALYZER_NONNULL = YES;
				CLANG_CXX_LANGUAGE_STANDARD = "gnu++0x";
				CLANG_CXX_LIBRARY = "libc++";
				CLANG_ENABLE_MODULES = YES;
				CLANG_ENABLE_OBJC_ARC = YES;
				CLANG_WARN_BOOL_CONVERSION = YES;
				CLANG_WARN_CONSTANT_CONVERSION = YES;
				CLANG_WARN_DIRECT_OBJC_ISA_USAGE = YES_ERROR;
				CLANG_WARN_DOCUMENTATION_COMMENTS = YES;
				CLANG_WARN_EMPTY_BODY = YES;
				CLANG_WARN_ENUM_CONVERSION = YES;
				CLANG_WARN_INFINITE_RECURSION = YES;
				CLANG_WARN_INT_CONVERSION = YES;
				CLANG_WARN_OBJC_ROOT_CLASS = YES_ERROR;
				CLANG_WARN_SUSPICIOUS_MOVE = YES;
				CLANG_WARN_UNREACHABLE_CODE = YES;
				CLANG_WARN__DUPLICATE_METHOD_MATCH = YES;
				"CODE_SIGN_IDENTITY[sdk=iphoneos*]" = "iPhone Developer";
				COPY_PHASE_STRIP = NO;
				DEBUG_INFORMATION_FORMAT = dwarf;
				ENABLE_STRICT_OBJC_MSGSEND = YES;
				ENABLE_TESTABILITY = YES;
				GCC_C_LANGUAGE_STANDARD = gnu99;
				GCC_DYNAMIC_NO_PIC = NO;
				GCC_NO_COMMON_BLOCKS = YES;
				GCC_OPTIMIZATION_LEVEL = 0;
				GCC_PREPROCESSOR_DEFINITIONS = (
					"DEBUG=1",
					"$(inherited)",
				);
				GCC_WARN_64_TO_32_BIT_CONVERSION = YES;
				GCC_WARN_ABOUT_RETURN_TYPE = YES_ERROR;
				GCC_WARN_UNDECLARED_SELECTOR = YES;
				GCC_WARN_UNINITIALIZED_AUTOS = YES_AGGRESSIVE;
				GCC_WARN_UNUSED_FUNCTION = YES;
				GCC_WARN_UNUSED_VARIABLE = YES;
				IPHONEOS_DEPLOYMENT_TARGET = 10.2;
				MTL_ENABLE_DEBUG_INFO = YES;
				ONLY_ACTIVE_ARCH = YES;
				SDKROOT = iphoneos;
				SWIFT_ACTIVE_COMPILATION_CONDITIONS = DEBUG;
				SWIFT_OPTIMIZATION_LEVEL = "-Onone";
				TARGETED_DEVICE_FAMILY = "1,2";
			};
			name = Debug;
		};
		6474B1CA1E3D04C200C46165 /* Release */ = {
			isa = XCBuildConfiguration;
			buildSettings = {
				ALWAYS_SEARCH_USER_PATHS = NO;
				CLANG_ANALYZER_LOCALIZABILITY_NONLOCALIZED = YES;
				CLANG_ANALYZER_NONNULL = YES;
				CLANG_CXX_LANGUAGE_STANDARD = "gnu++0x";
				CLANG_CXX_LIBRARY = "libc++";
				CLANG_ENABLE_MODULES = YES;
				CLANG_ENABLE_OBJC_ARC = YES;
				CLANG_WARN_BOOL_CONVERSION = YES;
				CLANG_WARN_CONSTANT_CONVERSION = YES;
				CLANG_WARN_DIRECT_OBJC_ISA_USAGE = YES_ERROR;
				CLANG_WARN_DOCUMENTATION_COMMENTS = YES;
				CLANG_WARN_EMPTY_BODY = YES;
				CLANG_WARN_ENUM_CONVERSION = YES;
				CLANG_WARN_INFINITE_RECURSION = YES;
				CLANG_WARN_INT_CONVERSION = YES;
				CLANG_WARN_OBJC_ROOT_CLASS = YES_ERROR;
				CLANG_WARN_SUSPICIOUS_MOVE = YES;
				CLANG_WARN_UNREACHABLE_CODE = YES;
				CLANG_WARN__DUPLICATE_METHOD_MATCH = YES;
				"CODE_SIGN_IDENTITY[sdk=iphoneos*]" = "iPhone Developer";
				COPY_PHASE_STRIP = NO;
				DEBUG_INFORMATION_FORMAT = "dwarf-with-dsym";
				ENABLE_NS_ASSERTIONS = NO;
				ENABLE_STRICT_OBJC_MSGSEND = YES;
				GCC_C_LANGUAGE_STANDARD = gnu99;
				GCC_NO_COMMON_BLOCKS = YES;
				GCC_WARN_64_TO_32_BIT_CONVERSION = YES;
				GCC_WARN_ABOUT_RETURN_TYPE = YES_ERROR;
				GCC_WARN_UNDECLARED_SELECTOR = YES;
				GCC_WARN_UNINITIALIZED_AUTOS = YES_AGGRESSIVE;
				GCC_WARN_UNUSED_FUNCTION = YES;
				GCC_WARN_UNUSED_VARIABLE = YES;
				IPHONEOS_DEPLOYMENT_TARGET = 10.2;
				MTL_ENABLE_DEBUG_INFO = NO;
				SDKROOT = iphoneos;
				SWIFT_OPTIMIZATION_LEVEL = "-Owholemodule";
				TARGETED_DEVICE_FAMILY = "1,2";
				VALIDATE_PRODUCT = YES;
			};
			name = Release;
		};
		6474B1CC1E3D04C200C46165 /* Debug */ = {
			isa = XCBuildConfiguration;
			baseConfigurationReference = A7A32DDD7EF182634B70BB10 /* Pods-UProgress.debug.xcconfig */;
			buildSettings = {
				ASSETCATALOG_COMPILER_APPICON_NAME = AppIcon;
				DEVELOPMENT_TEAM = H6WZYAW7R8;
				FRAMEWORK_SEARCH_PATHS = (
					"$(inherited)",
					"$(PROJECT_DIR)/build/Debug-iphoneos/OHHTTPStubs",
				);
				INFOPLIST_FILE = UProgress/Info.plist;
				LD_RUNPATH_SEARCH_PATHS = "$(inherited) @executable_path/Frameworks";
				PRODUCT_BUNDLE_IDENTIFIER = vsokoltsov.UProgress;
				PRODUCT_NAME = "$(TARGET_NAME)";
				SWIFT_OBJC_BRIDGING_HEADER = "UProgress/Bridge-Header.h";
				SWIFT_VERSION = 3.0;
			};
			name = Debug;
		};
		6474B1CD1E3D04C200C46165 /* Release */ = {
			isa = XCBuildConfiguration;
			baseConfigurationReference = 3EEFA24D7EA84D774EDB8B59 /* Pods-UProgress.release.xcconfig */;
			buildSettings = {
				ASSETCATALOG_COMPILER_APPICON_NAME = AppIcon;
				DEVELOPMENT_TEAM = H6WZYAW7R8;
				FRAMEWORK_SEARCH_PATHS = (
					"$(inherited)",
					"$(PROJECT_DIR)/build/Debug-iphoneos/OHHTTPStubs",
				);
				INFOPLIST_FILE = UProgress/Info.plist;
				LD_RUNPATH_SEARCH_PATHS = "$(inherited) @executable_path/Frameworks";
				PRODUCT_BUNDLE_IDENTIFIER = vsokoltsov.UProgress;
				PRODUCT_NAME = "$(TARGET_NAME)";
				SWIFT_OBJC_BRIDGING_HEADER = "UProgress/Bridge-Header.h";
				SWIFT_VERSION = 3.0;
			};
			name = Release;
		};
		6474B1CF1E3D04C200C46165 /* Debug */ = {
			isa = XCBuildConfiguration;
			baseConfigurationReference = 7FDBFEFD52C955FFA316B70C /* Pods-UProgressTests.debug.xcconfig */;
			buildSettings = {
				ALWAYS_EMBED_SWIFT_STANDARD_LIBRARIES = YES;
				BUNDLE_LOADER = "$(TEST_HOST)";
				DEVELOPMENT_TEAM = H6WZYAW7R8;
				INFOPLIST_FILE = UProgressTests/Info.plist;
				LD_RUNPATH_SEARCH_PATHS = "$(inherited) @executable_path/Frameworks @loader_path/Frameworks";
				PRODUCT_BUNDLE_IDENTIFIER = vsokoltsov.UProgressTests;
				PRODUCT_NAME = "$(TARGET_NAME)";
				SWIFT_VERSION = 3.0;
				TEST_HOST = "$(BUILT_PRODUCTS_DIR)/UProgress.app/UProgress";
			};
			name = Debug;
		};
		6474B1D01E3D04C200C46165 /* Release */ = {
			isa = XCBuildConfiguration;
			baseConfigurationReference = EA49F6AA392E1D2261CC02EB /* Pods-UProgressTests.release.xcconfig */;
			buildSettings = {
				ALWAYS_EMBED_SWIFT_STANDARD_LIBRARIES = YES;
				BUNDLE_LOADER = "$(TEST_HOST)";
				DEVELOPMENT_TEAM = H6WZYAW7R8;
				INFOPLIST_FILE = UProgressTests/Info.plist;
				LD_RUNPATH_SEARCH_PATHS = "$(inherited) @executable_path/Frameworks @loader_path/Frameworks";
				PRODUCT_BUNDLE_IDENTIFIER = vsokoltsov.UProgressTests;
				PRODUCT_NAME = "$(TARGET_NAME)";
				SWIFT_VERSION = 3.0;
				TEST_HOST = "$(BUILT_PRODUCTS_DIR)/UProgress.app/UProgress";
			};
			name = Release;
		};
		6474B1D21E3D04C200C46165 /* Debug */ = {
			isa = XCBuildConfiguration;
			baseConfigurationReference = 68D4A01EB56EC7D79F5B52DC /* Pods-UProgressUITests.debug.xcconfig */;
			buildSettings = {
				ALWAYS_EMBED_SWIFT_STANDARD_LIBRARIES = YES;
				DEVELOPMENT_TEAM = H6WZYAW7R8;
				INFOPLIST_FILE = UProgressUITests/Info.plist;
				LD_RUNPATH_SEARCH_PATHS = "$(inherited) @executable_path/Frameworks @loader_path/Frameworks";
				PRODUCT_BUNDLE_IDENTIFIER = vsokoltsov.UProgressUITests;
				PRODUCT_NAME = "$(TARGET_NAME)";
				SWIFT_VERSION = 3.0;
				TEST_TARGET_NAME = UProgress;
			};
			name = Debug;
		};
		6474B1D31E3D04C200C46165 /* Release */ = {
			isa = XCBuildConfiguration;
			baseConfigurationReference = 779513CA6D1DE240C7496902 /* Pods-UProgressUITests.release.xcconfig */;
			buildSettings = {
				ALWAYS_EMBED_SWIFT_STANDARD_LIBRARIES = YES;
				DEVELOPMENT_TEAM = H6WZYAW7R8;
				INFOPLIST_FILE = UProgressUITests/Info.plist;
				LD_RUNPATH_SEARCH_PATHS = "$(inherited) @executable_path/Frameworks @loader_path/Frameworks";
				PRODUCT_BUNDLE_IDENTIFIER = vsokoltsov.UProgressUITests;
				PRODUCT_NAME = "$(TARGET_NAME)";
				SWIFT_VERSION = 3.0;
				TEST_TARGET_NAME = UProgress;
			};
			name = Release;
		};
/* End XCBuildConfiguration section */

/* Begin XCConfigurationList section */
		6474B19E1E3D04C200C46165 /* Build configuration list for PBXProject "UProgress" */ = {
			isa = XCConfigurationList;
			buildConfigurations = (
				6474B1C91E3D04C200C46165 /* Debug */,
				6474B1CA1E3D04C200C46165 /* Release */,
			);
			defaultConfigurationIsVisible = 0;
			defaultConfigurationName = Release;
		};
		6474B1CB1E3D04C200C46165 /* Build configuration list for PBXNativeTarget "UProgress" */ = {
			isa = XCConfigurationList;
			buildConfigurations = (
				6474B1CC1E3D04C200C46165 /* Debug */,
				6474B1CD1E3D04C200C46165 /* Release */,
			);
			defaultConfigurationIsVisible = 0;
			defaultConfigurationName = Release;
		};
		6474B1CE1E3D04C200C46165 /* Build configuration list for PBXNativeTarget "UProgressTests" */ = {
			isa = XCConfigurationList;
			buildConfigurations = (
				6474B1CF1E3D04C200C46165 /* Debug */,
				6474B1D01E3D04C200C46165 /* Release */,
			);
			defaultConfigurationIsVisible = 0;
			defaultConfigurationName = Release;
		};
		6474B1D11E3D04C200C46165 /* Build configuration list for PBXNativeTarget "UProgressUITests" */ = {
			isa = XCConfigurationList;
			buildConfigurations = (
				6474B1D21E3D04C200C46165 /* Debug */,
				6474B1D31E3D04C200C46165 /* Release */,
			);
			defaultConfigurationIsVisible = 0;
			defaultConfigurationName = Release;
		};
/* End XCConfigurationList section */
	};
	rootObject = 6474B19B1E3D04C200C46165 /* Project object */;
}
